// !$*UTF8*$!
{
	archiveVersion = 1;
	classes = {
	};
	objectVersion = 50;
	objects = {

/* Begin PBXAggregateTarget section */
		F476E019216F423100990B46 /* C Frameworks */ = {
			isa = PBXAggregateTarget;
			buildConfigurationList = F476E01A216F423100990B46 /* Build configuration list for PBXAggregateTarget "C Frameworks" */;
			buildPhases = (
				F476E01D216F429300990B46 /* ShellScript */,
			);
			dependencies = (
			);
			name = "C Frameworks";
			productName = iuewuyr;
		};
/* End PBXAggregateTarget section */

/* Begin PBXBuildFile section */
		F4229D022173B0490012F243 /* VSCCommon.framework in CopyFiles */ = {isa = PBXBuildFile; fileRef = F4431837216F682700F3ECB1 /* VSCCommon.framework */; settings = {ATTRIBUTES = (CodeSignOnCopy, RemoveHeadersOnCopy, ); }; };
		F4229D04217489DB0012F243 /* Pythia.swift in Sources */ = {isa = PBXBuildFile; fileRef = F4229D03217489DB0012F243 /* Pythia.swift */; };
		F429BEFA2173A8A0001F0D8E /* VSCCommon.framework in Frameworks */ = {isa = PBXBuildFile; fileRef = F4431837216F682700F3ECB1 /* VSCCommon.framework */; };
		F429BF102173AB42001F0D8E /* VirgilCryptoFoundation.h in Headers */ = {isa = PBXBuildFile; fileRef = F429BF022173AB42001F0D8E /* VirgilCryptoFoundation.h */; settings = {ATTRIBUTES = (Public, ); }; };
		F431D841217DE57B00A9389F /* Sign.swift in Sources */ = {isa = PBXBuildFile; fileRef = F431D812217DE57500A9389F /* Sign.swift */; };
		F431D843217DE57B00A9389F /* Asn1Tag.swift in Sources */ = {isa = PBXBuildFile; fileRef = F431D814217DE57600A9389F /* Asn1Tag.swift */; };
		F431D844217DE57B00A9389F /* Asn1Reader.swift in Sources */ = {isa = PBXBuildFile; fileRef = F431D815217DE57600A9389F /* Asn1Reader.swift */; };
		F431D846217DE57B00A9389F /* CipherAuth.swift in Sources */ = {isa = PBXBuildFile; fileRef = F431D817217DE57600A9389F /* CipherAuth.swift */; };
		F431D847217DE57B00A9389F /* Key.swift in Sources */ = {isa = PBXBuildFile; fileRef = F431D818217DE57600A9389F /* Key.swift */; };
		F431D848217DE57B00A9389F /* Kdf.swift in Sources */ = {isa = PBXBuildFile; fileRef = F431D819217DE57600A9389F /* Kdf.swift */; };
		F431D849217DE57B00A9389F /* GenerateKey.swift in Sources */ = {isa = PBXBuildFile; fileRef = F431D81A217DE57600A9389F /* GenerateKey.swift */; };
		F431D84B217DE57B00A9389F /* Encrypt.swift in Sources */ = {isa = PBXBuildFile; fileRef = F431D81C217DE57600A9389F /* Encrypt.swift */; };
		F431D84C217DE57B00A9389F /* CipherAuthInfo.swift in Sources */ = {isa = PBXBuildFile; fileRef = F431D81D217DE57600A9389F /* CipherAuthInfo.swift */; };
		F431D84D217DE57B00A9389F /* ExportPrivateKey.swift in Sources */ = {isa = PBXBuildFile; fileRef = F431D81E217DE57600A9389F /* ExportPrivateKey.swift */; };
		F431D84F217DE57B00A9389F /* PrivateKey.swift in Sources */ = {isa = PBXBuildFile; fileRef = F431D820217DE57600A9389F /* PrivateKey.swift */; };
		F431D851217DE57B00A9389F /* ImportPrivateKey.swift in Sources */ = {isa = PBXBuildFile; fileRef = F431D822217DE57600A9389F /* ImportPrivateKey.swift */; };
		F431D852217DE57B00A9389F /* Mac.swift in Sources */ = {isa = PBXBuildFile; fileRef = F431D823217DE57600A9389F /* Mac.swift */; };
		F431D853217DE57B00A9389F /* ExKdf.swift in Sources */ = {isa = PBXBuildFile; fileRef = F431D824217DE57700A9389F /* ExKdf.swift */; };
		F431D854217DE57B00A9389F /* MacStream.swift in Sources */ = {isa = PBXBuildFile; fileRef = F431D825217DE57700A9389F /* MacStream.swift */; };
		F431D855217DE57B00A9389F /* PublicKey.swift in Sources */ = {isa = PBXBuildFile; fileRef = F431D826217DE57700A9389F /* PublicKey.swift */; };
		F431D857217DE57B00A9389F /* Verify.swift in Sources */ = {isa = PBXBuildFile; fileRef = F431D828217DE57700A9389F /* Verify.swift */; };
		F431D858217DE57B00A9389F /* HashInfo.swift in Sources */ = {isa = PBXBuildFile; fileRef = F431D829217DE57700A9389F /* HashInfo.swift */; };
		F431D85A217DE57B00A9389F /* HashStream.swift in Sources */ = {isa = PBXBuildFile; fileRef = F431D82B217DE57700A9389F /* HashStream.swift */; };
		F431D85E217DE57B00A9389F /* Decrypt.swift in Sources */ = {isa = PBXBuildFile; fileRef = F431D82F217DE57700A9389F /* Decrypt.swift */; };
		F431D85F217DE57B00A9389F /* Random.swift in Sources */ = {isa = PBXBuildFile; fileRef = F431D830217DE57800A9389F /* Random.swift */; };
		F431D860217DE57B00A9389F /* ImportPublicKey.swift in Sources */ = {isa = PBXBuildFile; fileRef = F431D831217DE57800A9389F /* ImportPublicKey.swift */; };
		F431D861217DE57B00A9389F /* MacInfo.swift in Sources */ = {isa = PBXBuildFile; fileRef = F431D832217DE57800A9389F /* MacInfo.swift */; };
		F431D864217DE57B00A9389F /* Asn1Writer.swift in Sources */ = {isa = PBXBuildFile; fileRef = F431D835217DE57800A9389F /* Asn1Writer.swift */; };
		F431D865217DE57B00A9389F /* AuthEncrypt.swift in Sources */ = {isa = PBXBuildFile; fileRef = F431D836217DE57800A9389F /* AuthEncrypt.swift */; };
		F431D866217DE57B00A9389F /* Hash.swift in Sources */ = {isa = PBXBuildFile; fileRef = F431D837217DE57800A9389F /* Hash.swift */; };
		F431D867217DE57B00A9389F /* Error.swift in Sources */ = {isa = PBXBuildFile; fileRef = F431D838217DE57800A9389F /* Error.swift */; };
		F431D868217DE57B00A9389F /* Cipher.swift in Sources */ = {isa = PBXBuildFile; fileRef = F431D839217DE57900A9389F /* Cipher.swift */; };
		F431D869217DE57B00A9389F /* ComputeSharedKey.swift in Sources */ = {isa = PBXBuildFile; fileRef = F431D83A217DE57900A9389F /* ComputeSharedKey.swift */; };
		F431D86A217DE57B00A9389F /* AuthDecrypt.swift in Sources */ = {isa = PBXBuildFile; fileRef = F431D83B217DE57900A9389F /* AuthDecrypt.swift */; };
		F431D86B217DE57B00A9389F /* CipherInfo.swift in Sources */ = {isa = PBXBuildFile; fileRef = F431D83C217DE57900A9389F /* CipherInfo.swift */; };
		F431D86C217DE57B00A9389F /* ExportPublicKey.swift in Sources */ = {isa = PBXBuildFile; fileRef = F431D83D217DE57A00A9389F /* ExportPublicKey.swift */; };
		F431D871217E2D0F00A9389F /* Sha224.swift in Sources */ = {isa = PBXBuildFile; fileRef = F431D870217E2D0F00A9389F /* Sha224.swift */; };
		F431D87B217E3B3400A9389F /* VirgilCryptoFoundation.framework in Frameworks */ = {isa = PBXBuildFile; fileRef = F429BF002173AB42001F0D8E /* VirgilCryptoFoundation.framework */; };
		F431D881217E3BCF00A9389F /* VirgilCryptoFoundationTests.swift in Sources */ = {isa = PBXBuildFile; fileRef = F429BF0D2173AB42001F0D8E /* VirgilCryptoFoundationTests.swift */; };
		F431D883217E3C1A00A9389F /* VSCFoundation.framework in CopyFiles */ = {isa = PBXBuildFile; fileRef = F4431835216F682700F3ECB1 /* VSCFoundation.framework */; settings = {ATTRIBUTES = (CodeSignOnCopy, RemoveHeadersOnCopy, ); }; };
		F431D884217E3C1A00A9389F /* VSCCommon.framework in CopyFiles */ = {isa = PBXBuildFile; fileRef = F4431837216F682700F3ECB1 /* VSCCommon.framework */; settings = {ATTRIBUTES = (CodeSignOnCopy, RemoveHeadersOnCopy, ); }; };
		F438C63F2173AC8400D0933B /* VirgilCryptoCommon.framework in Frameworks */ = {isa = PBXBuildFile; fileRef = F4B84230216F44A200C3D7F4 /* VirgilCryptoCommon.framework */; };
		F438C6402173AC9100D0933B /* VSCFoundation.framework in Frameworks */ = {isa = PBXBuildFile; fileRef = F4431835216F682700F3ECB1 /* VSCFoundation.framework */; };
		F438C6522173AE8600D0933B /* VSCCommon.framework in CopyFiles */ = {isa = PBXBuildFile; fileRef = F4431837216F682700F3ECB1 /* VSCCommon.framework */; settings = {ATTRIBUTES = (CodeSignOnCopy, RemoveHeadersOnCopy, ); }; };
		F438C6612173AEBD00D0933B /* VirgilCryptoPythia.framework in Frameworks */ = {isa = PBXBuildFile; fileRef = F438C6582173AEBD00D0933B /* VirgilCryptoPythia.framework */; };
		F438C6662173AEBD00D0933B /* VirgilCryptoPythiaTests.swift in Sources */ = {isa = PBXBuildFile; fileRef = F438C6652173AEBD00D0933B /* VirgilCryptoPythiaTests.swift */; };
		F438C6682173AEBD00D0933B /* VirgilCryptoPythia.h in Headers */ = {isa = PBXBuildFile; fileRef = F438C65A2173AEBD00D0933B /* VirgilCryptoPythia.h */; settings = {ATTRIBUTES = (Public, ); }; };
		F438C66F2173AF7B00D0933B /* VirgilCryptoCommon.framework in Frameworks */ = {isa = PBXBuildFile; fileRef = F4B84230216F44A200C3D7F4 /* VirgilCryptoCommon.framework */; };
		F438C6702173AF8A00D0933B /* VSCPythia.framework in Frameworks */ = {isa = PBXBuildFile; fileRef = F4431836216F682700F3ECB1 /* VSCPythia.framework */; };
		F438C6722173AFA700D0933B /* VSCPythia.framework in CopyFiles */ = {isa = PBXBuildFile; fileRef = F4431836216F682700F3ECB1 /* VSCPythia.framework */; settings = {ATTRIBUTES = (CodeSignOnCopy, RemoveHeadersOnCopy, ); }; };
		F4470656217EF6780041D62D /* Sha384.swift in Sources */ = {isa = PBXBuildFile; fileRef = F4470653217EF6770041D62D /* Sha384.swift */; };
		F4470657217EF6780041D62D /* Sha256.swift in Sources */ = {isa = PBXBuildFile; fileRef = F4470654217EF6780041D62D /* Sha256.swift */; };
		F4470658217EF6780041D62D /* Sha512.swift in Sources */ = {isa = PBXBuildFile; fileRef = F4470655217EF6780041D62D /* Sha512.swift */; };
		F45B0935217F1F6A0083A758 /* Asn1rd.swift in Sources */ = {isa = PBXBuildFile; fileRef = F45B0934217F1F6A0083A758 /* Asn1rd.swift */; };
		F45B0937217F25C00083A758 /* Asn1wr.swift in Sources */ = {isa = PBXBuildFile; fileRef = F45B0936217F25C00083A758 /* Asn1wr.swift */; };
		F45B093A217F28B20083A758 /* Kdf1.swift in Sources */ = {isa = PBXBuildFile; fileRef = F45B0938217F28B10083A758 /* Kdf1.swift */; };
		F45B093B217F28B20083A758 /* Kdf2.swift in Sources */ = {isa = PBXBuildFile; fileRef = F45B0939217F28B10083A758 /* Kdf2.swift */; };
		F45B093D217F28D50083A758 /* Aes256Gcm.swift in Sources */ = {isa = PBXBuildFile; fileRef = F45B093C217F28D50083A758 /* Aes256Gcm.swift */; };
		F45B093F217F324B0083A758 /* Hkdf.swift in Sources */ = {isa = PBXBuildFile; fileRef = F45B093E217F324B0083A758 /* Hkdf.swift */; };
		F45B0941217F32610083A758 /* Hmac.swift in Sources */ = {isa = PBXBuildFile; fileRef = F45B0940217F32610083A758 /* Hmac.swift */; };
		F45B0943217F32B60083A758 /* FakeRandom.swift in Sources */ = {isa = PBXBuildFile; fileRef = F45B0942217F32B60083A758 /* FakeRandom.swift */; };
		F45B0947217F337A0083A758 /* RsaPublicKey.swift in Sources */ = {isa = PBXBuildFile; fileRef = F45B0946217F337A0083A758 /* RsaPublicKey.swift */; };
		F45B0949217F33940083A758 /* RsaPrivateKey.swift in Sources */ = {isa = PBXBuildFile; fileRef = F45B0948217F33940083A758 /* RsaPrivateKey.swift */; };
		F45B094D2181A01B0083A758 /* CContext.swift in Sources */ = {isa = PBXBuildFile; fileRef = F45B094C2181A01A0083A758 /* CContext.swift */; };
		F45B094F2181A02D0083A758 /* CContext.swift in Sources */ = {isa = PBXBuildFile; fileRef = F45B094E2181A02D0083A758 /* CContext.swift */; };
		F476E032216F43B600990B46 /* VirgilCryptoCommonTests.swift in Sources */ = {isa = PBXBuildFile; fileRef = F476E031216F43B600990B46 /* VirgilCryptoCommonTests.swift */; };
		F476E034216F43B600990B46 /* VirgilCryptoCommon.h in Headers */ = {isa = PBXBuildFile; fileRef = F476E026216F43B500990B46 /* VirgilCryptoCommon.h */; settings = {ATTRIBUTES = (Public, ); }; };
		F48E70A121773DCA00405E0B /* Error.swift in Sources */ = {isa = PBXBuildFile; fileRef = F48E70A021773DCA00405E0B /* Error.swift */; };
		F4AC502A218308B90054A3D3 /* VirgilCryptoRatchet.framework in Frameworks */ = {isa = PBXBuildFile; fileRef = F4AC5021218308B90054A3D3 /* VirgilCryptoRatchet.framework */; };
		F4AC502F218308B90054A3D3 /* VirgilCryptoRatchetTests.swift in Sources */ = {isa = PBXBuildFile; fileRef = F4AC502E218308B90054A3D3 /* VirgilCryptoRatchetTests.swift */; };
		F4AC5031218308B90054A3D3 /* VirgilCryptoRatchet.h in Headers */ = {isa = PBXBuildFile; fileRef = F4AC5023218308B90054A3D3 /* VirgilCryptoRatchet.h */; settings = {ATTRIBUTES = (Public, ); }; };
		F4AC50392183096D0054A3D3 /* VirgilCryptoCommon.framework in Frameworks */ = {isa = PBXBuildFile; fileRef = F4B84230216F44A200C3D7F4 /* VirgilCryptoCommon.framework */; };
		F4AC503A2183096D0054A3D3 /* VirgilCryptoFoundation.framework in Frameworks */ = {isa = PBXBuildFile; fileRef = F429BF002173AB42001F0D8E /* VirgilCryptoFoundation.framework */; };
		F4AC503C218309790054A3D3 /* VSCRatchet.framework in Frameworks */ = {isa = PBXBuildFile; fileRef = F4AC503B218309790054A3D3 /* VSCRatchet.framework */; };
		F4AC503E218309D50054A3D3 /* VSCFoundation.framework in CopyFiles */ = {isa = PBXBuildFile; fileRef = F4431835216F682700F3ECB1 /* VSCFoundation.framework */; settings = {ATTRIBUTES = (CodeSignOnCopy, RemoveHeadersOnCopy, ); }; };
		F4AC503F218309D50054A3D3 /* VSCPythia.framework in CopyFiles */ = {isa = PBXBuildFile; fileRef = F4431836216F682700F3ECB1 /* VSCPythia.framework */; settings = {ATTRIBUTES = (CodeSignOnCopy, RemoveHeadersOnCopy, ); }; };
		F4AC5040218309D50054A3D3 /* VSCCommon.framework in CopyFiles */ = {isa = PBXBuildFile; fileRef = F4431837216F682700F3ECB1 /* VSCCommon.framework */; settings = {ATTRIBUTES = (CodeSignOnCopy, RemoveHeadersOnCopy, ); }; };
		F4AC5041218309D50054A3D3 /* VSCRatchet.framework in CopyFiles */ = {isa = PBXBuildFile; fileRef = F4AC503B218309790054A3D3 /* VSCRatchet.framework */; settings = {ATTRIBUTES = (CodeSignOnCopy, RemoveHeadersOnCopy, ); }; };
		F4AC504521830A880054A3D3 /* ErrorCtx.swift in Sources */ = {isa = PBXBuildFile; fileRef = F4AC504221830A880054A3D3 /* ErrorCtx.swift */; };
		F4AC504621830A880054A3D3 /* Error.swift in Sources */ = {isa = PBXBuildFile; fileRef = F4AC504321830A880054A3D3 /* Error.swift */; };
		F4AC504721830A880054A3D3 /* CContext.swift in Sources */ = {isa = PBXBuildFile; fileRef = F4AC504421830A880054A3D3 /* CContext.swift */; };
		F4AC505D218319060054A3D3 /* RatchetSenderChain.swift in Sources */ = {isa = PBXBuildFile; fileRef = F4AC504C218319060054A3D3 /* RatchetSenderChain.swift */; };
		F4AC505E218319060054A3D3 /* RatchetKdfInfo.swift in Sources */ = {isa = PBXBuildFile; fileRef = F4AC504D218319060054A3D3 /* RatchetKdfInfo.swift */; };
		F4AC505F218319060054A3D3 /* VirgilRatchetFakeRng.swift in Sources */ = {isa = PBXBuildFile; fileRef = F4AC504E218319060054A3D3 /* VirgilRatchetFakeRng.swift */; };
		F4AC5060218319060054A3D3 /* RatchetChainKey.swift in Sources */ = {isa = PBXBuildFile; fileRef = F4AC504F218319060054A3D3 /* RatchetChainKey.swift */; };
		F4AC5061218319060054A3D3 /* RatchetRng.swift in Sources */ = {isa = PBXBuildFile; fileRef = F4AC5050218319060054A3D3 /* RatchetRng.swift */; };
		F4AC5062218319060054A3D3 /* RatchetSkippedMessageKeyListNode.swift in Sources */ = {isa = PBXBuildFile; fileRef = F4AC5051218319060054A3D3 /* RatchetSkippedMessageKeyListNode.swift */; };
		F4AC5063218319060054A3D3 /* RatchetRegularMessage.swift in Sources */ = {isa = PBXBuildFile; fileRef = F4AC5052218319060054A3D3 /* RatchetRegularMessage.swift */; };
		F4AC5064218319060054A3D3 /* RatchetSession.swift in Sources */ = {isa = PBXBuildFile; fileRef = F4AC5053218319060054A3D3 /* RatchetSession.swift */; };
		F4AC5065218319060054A3D3 /* RatchetMessageKey.swift in Sources */ = {isa = PBXBuildFile; fileRef = F4AC5054218319060054A3D3 /* RatchetMessageKey.swift */; };
		F4AC5066218319060054A3D3 /* RatchetSkippedMessageKey.swift in Sources */ = {isa = PBXBuildFile; fileRef = F4AC5055218319060054A3D3 /* RatchetSkippedMessageKey.swift */; };
		F4AC5067218319060054A3D3 /* RatchetReceiverChain.swift in Sources */ = {isa = PBXBuildFile; fileRef = F4AC5056218319060054A3D3 /* RatchetReceiverChain.swift */; };
		F4AC5068218319060054A3D3 /* RatchetCipher.swift in Sources */ = {isa = PBXBuildFile; fileRef = F4AC5057218319060054A3D3 /* RatchetCipher.swift */; };
		F4AC5069218319060054A3D3 /* RatchetCommon.swift in Sources */ = {isa = PBXBuildFile; fileRef = F4AC5058218319060054A3D3 /* RatchetCommon.swift */; };
		F4AC506A218319060054A3D3 /* RatchetPrekeyMessage.swift in Sources */ = {isa = PBXBuildFile; fileRef = F4AC5059218319060054A3D3 /* RatchetPrekeyMessage.swift */; };
		F4AC506B218319060054A3D3 /* RatchetMessage.swift in Sources */ = {isa = PBXBuildFile; fileRef = F4AC505A218319060054A3D3 /* RatchetMessage.swift */; };
		F4AC506C218319060054A3D3 /* RatchetReceiverChainListNode.swift in Sources */ = {isa = PBXBuildFile; fileRef = F4AC505B218319060054A3D3 /* RatchetReceiverChainListNode.swift */; };
		F4AC506D218319060054A3D3 /* Ratchet.swift in Sources */ = {isa = PBXBuildFile; fileRef = F4AC505C218319060054A3D3 /* Ratchet.swift */; };
/* End PBXBuildFile section */

/* Begin PBXContainerItemProxy section */
		F431D87C217E3B3400A9389F /* PBXContainerItemProxy */ = {
			isa = PBXContainerItemProxy;
			containerPortal = F4376A3A216F406000C57E21 /* Project object */;
			proxyType = 1;
			remoteGlobalIDString = F429BEFF2173AB42001F0D8E;
			remoteInfo = "VirgilCryptoFoundation IOS";
		};
		F438C6412173ACA000D0933B /* PBXContainerItemProxy */ = {
			isa = PBXContainerItemProxy;
			containerPortal = F4376A3A216F406000C57E21 /* Project object */;
			proxyType = 1;
			remoteGlobalIDString = F476E019216F423100990B46;
			remoteInfo = "C Frameworks";
		};
		F438C6622173AEBD00D0933B /* PBXContainerItemProxy */ = {
			isa = PBXContainerItemProxy;
			containerPortal = F4376A3A216F406000C57E21 /* Project object */;
			proxyType = 1;
			remoteGlobalIDString = F438C6572173AEBD00D0933B;
			remoteInfo = VirgilCryptoPythia;
		};
		F476E02E216F43B600990B46 /* PBXContainerItemProxy */ = {
			isa = PBXContainerItemProxy;
			containerPortal = F4376A3A216F406000C57E21 /* Project object */;
			proxyType = 1;
			remoteGlobalIDString = F476E023216F43B500990B46;
			remoteInfo = VirgilCryptoCommon;
		};
		F476E03B216F43CD00990B46 /* PBXContainerItemProxy */ = {
			isa = PBXContainerItemProxy;
			containerPortal = F4376A3A216F406000C57E21 /* Project object */;
			proxyType = 1;
			remoteGlobalIDString = F476E019216F423100990B46;
			remoteInfo = "Build C Frameworks";
		};
		F4AC502B218308B90054A3D3 /* PBXContainerItemProxy */ = {
			isa = PBXContainerItemProxy;
			containerPortal = F4376A3A216F406000C57E21 /* Project object */;
			proxyType = 1;
			remoteGlobalIDString = F4AC5020218308B90054A3D3;
			remoteInfo = VirgilCryptoRatchet;
		};
		F4AC504821830AF30054A3D3 /* PBXContainerItemProxy */ = {
			isa = PBXContainerItemProxy;
			containerPortal = F4376A3A216F406000C57E21 /* Project object */;
			proxyType = 1;
			remoteGlobalIDString = F476E019216F423100990B46;
			remoteInfo = "C Frameworks";
		};
		F4AC504A21830AF80054A3D3 /* PBXContainerItemProxy */ = {
			isa = PBXContainerItemProxy;
			containerPortal = F4376A3A216F406000C57E21 /* Project object */;
			proxyType = 1;
			remoteGlobalIDString = F476E019216F423100990B46;
			remoteInfo = "C Frameworks";
		};
/* End PBXContainerItemProxy section */

/* Begin PBXCopyFilesBuildPhase section */
		F431D882217E3C0E00A9389F /* CopyFiles */ = {
			isa = PBXCopyFilesBuildPhase;
			buildActionMask = 2147483647;
			dstPath = "";
			dstSubfolderSpec = 10;
			files = (
				F431D883217E3C1A00A9389F /* VSCFoundation.framework in CopyFiles */,
				F431D884217E3C1A00A9389F /* VSCCommon.framework in CopyFiles */,
			);
			runOnlyForDeploymentPostprocessing = 0;
		};
		F438C6512173AE7E00D0933B /* CopyFiles */ = {
			isa = PBXCopyFilesBuildPhase;
			buildActionMask = 2147483647;
			dstPath = "";
			dstSubfolderSpec = 10;
			files = (
				F438C6522173AE8600D0933B /* VSCCommon.framework in CopyFiles */,
			);
			runOnlyForDeploymentPostprocessing = 0;
		};
		F438C6712173AF9A00D0933B /* CopyFiles */ = {
			isa = PBXCopyFilesBuildPhase;
			buildActionMask = 2147483647;
			dstPath = "";
			dstSubfolderSpec = 10;
			files = (
				F4229D022173B0490012F243 /* VSCCommon.framework in CopyFiles */,
				F438C6722173AFA700D0933B /* VSCPythia.framework in CopyFiles */,
			);
			runOnlyForDeploymentPostprocessing = 0;
		};
		F4AC503D218309B80054A3D3 /* CopyFiles */ = {
			isa = PBXCopyFilesBuildPhase;
			buildActionMask = 2147483647;
			dstPath = "";
			dstSubfolderSpec = 10;
			files = (
				F4AC503E218309D50054A3D3 /* VSCFoundation.framework in CopyFiles */,
				F4AC503F218309D50054A3D3 /* VSCPythia.framework in CopyFiles */,
				F4AC5040218309D50054A3D3 /* VSCCommon.framework in CopyFiles */,
				F4AC5041218309D50054A3D3 /* VSCRatchet.framework in CopyFiles */,
			);
			runOnlyForDeploymentPostprocessing = 0;
		};
/* End PBXCopyFilesBuildPhase section */

/* Begin PBXFileReference section */
		F4229D03217489DB0012F243 /* Pythia.swift */ = {isa = PBXFileReference; fileEncoding = 4; lastKnownFileType = sourcecode.swift; path = Pythia.swift; sourceTree = "<group>"; };
		F429BF002173AB42001F0D8E /* VirgilCryptoFoundation.framework */ = {isa = PBXFileReference; explicitFileType = wrapper.framework; includeInIndex = 0; path = VirgilCryptoFoundation.framework; sourceTree = BUILT_PRODUCTS_DIR; };
		F429BF022173AB42001F0D8E /* VirgilCryptoFoundation.h */ = {isa = PBXFileReference; lastKnownFileType = sourcecode.c.h; path = VirgilCryptoFoundation.h; sourceTree = "<group>"; };
		F429BF032173AB42001F0D8E /* Info.plist */ = {isa = PBXFileReference; lastKnownFileType = text.plist.xml; path = Info.plist; sourceTree = "<group>"; };
		F429BF0D2173AB42001F0D8E /* VirgilCryptoFoundationTests.swift */ = {isa = PBXFileReference; lastKnownFileType = sourcecode.swift; path = VirgilCryptoFoundationTests.swift; sourceTree = "<group>"; };
		F429BF0F2173AB42001F0D8E /* Info.plist */ = {isa = PBXFileReference; lastKnownFileType = text.plist.xml; path = Info.plist; sourceTree = "<group>"; };
		F431D812217DE57500A9389F /* Sign.swift */ = {isa = PBXFileReference; fileEncoding = 4; lastKnownFileType = sourcecode.swift; path = Sign.swift; sourceTree = "<group>"; };
		F431D814217DE57600A9389F /* Asn1Tag.swift */ = {isa = PBXFileReference; fileEncoding = 4; lastKnownFileType = sourcecode.swift; path = Asn1Tag.swift; sourceTree = "<group>"; };
		F431D815217DE57600A9389F /* Asn1Reader.swift */ = {isa = PBXFileReference; fileEncoding = 4; lastKnownFileType = sourcecode.swift; path = Asn1Reader.swift; sourceTree = "<group>"; };
		F431D817217DE57600A9389F /* CipherAuth.swift */ = {isa = PBXFileReference; fileEncoding = 4; lastKnownFileType = sourcecode.swift; path = CipherAuth.swift; sourceTree = "<group>"; };
		F431D818217DE57600A9389F /* Key.swift */ = {isa = PBXFileReference; fileEncoding = 4; lastKnownFileType = sourcecode.swift; path = Key.swift; sourceTree = "<group>"; };
		F431D819217DE57600A9389F /* Kdf.swift */ = {isa = PBXFileReference; fileEncoding = 4; lastKnownFileType = sourcecode.swift; path = Kdf.swift; sourceTree = "<group>"; };
		F431D81A217DE57600A9389F /* GenerateKey.swift */ = {isa = PBXFileReference; fileEncoding = 4; lastKnownFileType = sourcecode.swift; path = GenerateKey.swift; sourceTree = "<group>"; };
		F431D81C217DE57600A9389F /* Encrypt.swift */ = {isa = PBXFileReference; fileEncoding = 4; lastKnownFileType = sourcecode.swift; path = Encrypt.swift; sourceTree = "<group>"; };
		F431D81D217DE57600A9389F /* CipherAuthInfo.swift */ = {isa = PBXFileReference; fileEncoding = 4; lastKnownFileType = sourcecode.swift; path = CipherAuthInfo.swift; sourceTree = "<group>"; };
		F431D81E217DE57600A9389F /* ExportPrivateKey.swift */ = {isa = PBXFileReference; fileEncoding = 4; lastKnownFileType = sourcecode.swift; path = ExportPrivateKey.swift; sourceTree = "<group>"; };
		F431D820217DE57600A9389F /* PrivateKey.swift */ = {isa = PBXFileReference; fileEncoding = 4; lastKnownFileType = sourcecode.swift; path = PrivateKey.swift; sourceTree = "<group>"; };
		F431D822217DE57600A9389F /* ImportPrivateKey.swift */ = {isa = PBXFileReference; fileEncoding = 4; lastKnownFileType = sourcecode.swift; path = ImportPrivateKey.swift; sourceTree = "<group>"; };
		F431D823217DE57600A9389F /* Mac.swift */ = {isa = PBXFileReference; fileEncoding = 4; lastKnownFileType = sourcecode.swift; path = Mac.swift; sourceTree = "<group>"; };
		F431D824217DE57700A9389F /* ExKdf.swift */ = {isa = PBXFileReference; fileEncoding = 4; lastKnownFileType = sourcecode.swift; path = ExKdf.swift; sourceTree = "<group>"; };
		F431D825217DE57700A9389F /* MacStream.swift */ = {isa = PBXFileReference; fileEncoding = 4; lastKnownFileType = sourcecode.swift; path = MacStream.swift; sourceTree = "<group>"; };
		F431D826217DE57700A9389F /* PublicKey.swift */ = {isa = PBXFileReference; fileEncoding = 4; lastKnownFileType = sourcecode.swift; path = PublicKey.swift; sourceTree = "<group>"; };
		F431D828217DE57700A9389F /* Verify.swift */ = {isa = PBXFileReference; fileEncoding = 4; lastKnownFileType = sourcecode.swift; path = Verify.swift; sourceTree = "<group>"; };
		F431D829217DE57700A9389F /* HashInfo.swift */ = {isa = PBXFileReference; fileEncoding = 4; lastKnownFileType = sourcecode.swift; path = HashInfo.swift; sourceTree = "<group>"; };
		F431D82B217DE57700A9389F /* HashStream.swift */ = {isa = PBXFileReference; fileEncoding = 4; lastKnownFileType = sourcecode.swift; path = HashStream.swift; sourceTree = "<group>"; };
		F431D82F217DE57700A9389F /* Decrypt.swift */ = {isa = PBXFileReference; fileEncoding = 4; lastKnownFileType = sourcecode.swift; path = Decrypt.swift; sourceTree = "<group>"; };
		F431D830217DE57800A9389F /* Random.swift */ = {isa = PBXFileReference; fileEncoding = 4; lastKnownFileType = sourcecode.swift; path = Random.swift; sourceTree = "<group>"; };
		F431D831217DE57800A9389F /* ImportPublicKey.swift */ = {isa = PBXFileReference; fileEncoding = 4; lastKnownFileType = sourcecode.swift; path = ImportPublicKey.swift; sourceTree = "<group>"; };
		F431D832217DE57800A9389F /* MacInfo.swift */ = {isa = PBXFileReference; fileEncoding = 4; lastKnownFileType = sourcecode.swift; path = MacInfo.swift; sourceTree = "<group>"; };
		F431D835217DE57800A9389F /* Asn1Writer.swift */ = {isa = PBXFileReference; fileEncoding = 4; lastKnownFileType = sourcecode.swift; path = Asn1Writer.swift; sourceTree = "<group>"; };
		F431D836217DE57800A9389F /* AuthEncrypt.swift */ = {isa = PBXFileReference; fileEncoding = 4; lastKnownFileType = sourcecode.swift; path = AuthEncrypt.swift; sourceTree = "<group>"; };
		F431D837217DE57800A9389F /* Hash.swift */ = {isa = PBXFileReference; fileEncoding = 4; lastKnownFileType = sourcecode.swift; path = Hash.swift; sourceTree = "<group>"; };
		F431D838217DE57800A9389F /* Error.swift */ = {isa = PBXFileReference; fileEncoding = 4; lastKnownFileType = sourcecode.swift; path = Error.swift; sourceTree = "<group>"; };
		F431D839217DE57900A9389F /* Cipher.swift */ = {isa = PBXFileReference; fileEncoding = 4; lastKnownFileType = sourcecode.swift; path = Cipher.swift; sourceTree = "<group>"; };
		F431D83A217DE57900A9389F /* ComputeSharedKey.swift */ = {isa = PBXFileReference; fileEncoding = 4; lastKnownFileType = sourcecode.swift; path = ComputeSharedKey.swift; sourceTree = "<group>"; };
		F431D83B217DE57900A9389F /* AuthDecrypt.swift */ = {isa = PBXFileReference; fileEncoding = 4; lastKnownFileType = sourcecode.swift; path = AuthDecrypt.swift; sourceTree = "<group>"; };
		F431D83C217DE57900A9389F /* CipherInfo.swift */ = {isa = PBXFileReference; fileEncoding = 4; lastKnownFileType = sourcecode.swift; path = CipherInfo.swift; sourceTree = "<group>"; };
		F431D83D217DE57A00A9389F /* ExportPublicKey.swift */ = {isa = PBXFileReference; fileEncoding = 4; lastKnownFileType = sourcecode.swift; path = ExportPublicKey.swift; sourceTree = "<group>"; };
		F431D870217E2D0F00A9389F /* Sha224.swift */ = {isa = PBXFileReference; fileEncoding = 4; lastKnownFileType = sourcecode.swift; path = Sha224.swift; sourceTree = "<group>"; };
		F431D876217E3B3400A9389F /* VirgilCryptoFoundationTests.xctest */ = {isa = PBXFileReference; explicitFileType = wrapper.cfbundle; includeInIndex = 0; path = VirgilCryptoFoundationTests.xctest; sourceTree = BUILT_PRODUCTS_DIR; };
		F438C6582173AEBD00D0933B /* VirgilCryptoPythia.framework */ = {isa = PBXFileReference; explicitFileType = wrapper.framework; includeInIndex = 0; path = VirgilCryptoPythia.framework; sourceTree = BUILT_PRODUCTS_DIR; };
		F438C65A2173AEBD00D0933B /* VirgilCryptoPythia.h */ = {isa = PBXFileReference; lastKnownFileType = sourcecode.c.h; path = VirgilCryptoPythia.h; sourceTree = "<group>"; };
		F438C65B2173AEBD00D0933B /* Info.plist */ = {isa = PBXFileReference; lastKnownFileType = text.plist.xml; path = Info.plist; sourceTree = "<group>"; };
		F438C6602173AEBD00D0933B /* VirgilCryptoPythiaTests.xctest */ = {isa = PBXFileReference; explicitFileType = wrapper.cfbundle; includeInIndex = 0; path = VirgilCryptoPythiaTests.xctest; sourceTree = BUILT_PRODUCTS_DIR; };
		F438C6652173AEBD00D0933B /* VirgilCryptoPythiaTests.swift */ = {isa = PBXFileReference; lastKnownFileType = sourcecode.swift; path = VirgilCryptoPythiaTests.swift; sourceTree = "<group>"; };
		F438C6672173AEBD00D0933B /* Info.plist */ = {isa = PBXFileReference; lastKnownFileType = text.plist.xml; path = Info.plist; sourceTree = "<group>"; };
		F4431830216F4C5300F3ECB1 /* build_c_frameworks.sh */ = {isa = PBXFileReference; fileEncoding = 4; lastKnownFileType = text.script.sh; name = build_c_frameworks.sh; path = Scripts/build_c_frameworks.sh; sourceTree = SOURCE_ROOT; };
		F4431835216F682700F3ECB1 /* VSCFoundation.framework */ = {isa = PBXFileReference; lastKnownFileType = wrapper.framework; path = VSCFoundation.framework; sourceTree = "<group>"; };
		F4431836216F682700F3ECB1 /* VSCPythia.framework */ = {isa = PBXFileReference; lastKnownFileType = wrapper.framework; path = VSCPythia.framework; sourceTree = "<group>"; };
		F4431837216F682700F3ECB1 /* VSCCommon.framework */ = {isa = PBXFileReference; lastKnownFileType = wrapper.framework; path = VSCCommon.framework; sourceTree = "<group>"; };
		F4470653217EF6770041D62D /* Sha384.swift */ = {isa = PBXFileReference; fileEncoding = 4; lastKnownFileType = sourcecode.swift; path = Sha384.swift; sourceTree = "<group>"; };
		F4470654217EF6780041D62D /* Sha256.swift */ = {isa = PBXFileReference; fileEncoding = 4; lastKnownFileType = sourcecode.swift; path = Sha256.swift; sourceTree = "<group>"; };
		F4470655217EF6780041D62D /* Sha512.swift */ = {isa = PBXFileReference; fileEncoding = 4; lastKnownFileType = sourcecode.swift; path = Sha512.swift; sourceTree = "<group>"; };
		F45B0934217F1F6A0083A758 /* Asn1rd.swift */ = {isa = PBXFileReference; fileEncoding = 4; lastKnownFileType = sourcecode.swift; path = Asn1rd.swift; sourceTree = "<group>"; };
		F45B0936217F25C00083A758 /* Asn1wr.swift */ = {isa = PBXFileReference; fileEncoding = 4; lastKnownFileType = sourcecode.swift; path = Asn1wr.swift; sourceTree = "<group>"; };
		F45B0938217F28B10083A758 /* Kdf1.swift */ = {isa = PBXFileReference; fileEncoding = 4; lastKnownFileType = sourcecode.swift; path = Kdf1.swift; sourceTree = "<group>"; };
		F45B0939217F28B10083A758 /* Kdf2.swift */ = {isa = PBXFileReference; fileEncoding = 4; lastKnownFileType = sourcecode.swift; path = Kdf2.swift; sourceTree = "<group>"; };
		F45B093C217F28D50083A758 /* Aes256Gcm.swift */ = {isa = PBXFileReference; fileEncoding = 4; lastKnownFileType = sourcecode.swift; path = Aes256Gcm.swift; sourceTree = "<group>"; };
		F45B093E217F324B0083A758 /* Hkdf.swift */ = {isa = PBXFileReference; fileEncoding = 4; lastKnownFileType = sourcecode.swift; path = Hkdf.swift; sourceTree = "<group>"; };
		F45B0940217F32610083A758 /* Hmac.swift */ = {isa = PBXFileReference; fileEncoding = 4; lastKnownFileType = sourcecode.swift; path = Hmac.swift; sourceTree = "<group>"; };
		F45B0942217F32B60083A758 /* FakeRandom.swift */ = {isa = PBXFileReference; fileEncoding = 4; lastKnownFileType = sourcecode.swift; path = FakeRandom.swift; sourceTree = "<group>"; };
		F45B0946217F337A0083A758 /* RsaPublicKey.swift */ = {isa = PBXFileReference; fileEncoding = 4; lastKnownFileType = sourcecode.swift; path = RsaPublicKey.swift; sourceTree = "<group>"; };
		F45B0948217F33940083A758 /* RsaPrivateKey.swift */ = {isa = PBXFileReference; fileEncoding = 4; lastKnownFileType = sourcecode.swift; path = RsaPrivateKey.swift; sourceTree = "<group>"; };
		F45B094C2181A01A0083A758 /* CContext.swift */ = {isa = PBXFileReference; fileEncoding = 4; lastKnownFileType = sourcecode.swift; path = CContext.swift; sourceTree = "<group>"; };
		F45B094E2181A02D0083A758 /* CContext.swift */ = {isa = PBXFileReference; fileEncoding = 4; lastKnownFileType = sourcecode.swift; path = CContext.swift; sourceTree = "<group>"; };
		F476E026216F43B500990B46 /* VirgilCryptoCommon.h */ = {isa = PBXFileReference; lastKnownFileType = sourcecode.c.h; path = VirgilCryptoCommon.h; sourceTree = "<group>"; };
		F476E027216F43B500990B46 /* Info.plist */ = {isa = PBXFileReference; lastKnownFileType = text.plist.xml; path = Info.plist; sourceTree = "<group>"; };
		F476E031216F43B600990B46 /* VirgilCryptoCommonTests.swift */ = {isa = PBXFileReference; lastKnownFileType = sourcecode.swift; path = VirgilCryptoCommonTests.swift; sourceTree = "<group>"; };
		F476E033216F43B600990B46 /* Info.plist */ = {isa = PBXFileReference; lastKnownFileType = text.plist.xml; path = Info.plist; sourceTree = "<group>"; };
		F48E70A021773DCA00405E0B /* Error.swift */ = {isa = PBXFileReference; lastKnownFileType = sourcecode.swift; path = Error.swift; sourceTree = "<group>"; };
		F4AC5021218308B90054A3D3 /* VirgilCryptoRatchet.framework */ = {isa = PBXFileReference; explicitFileType = wrapper.framework; includeInIndex = 0; path = VirgilCryptoRatchet.framework; sourceTree = BUILT_PRODUCTS_DIR; };
		F4AC5023218308B90054A3D3 /* VirgilCryptoRatchet.h */ = {isa = PBXFileReference; lastKnownFileType = sourcecode.c.h; path = VirgilCryptoRatchet.h; sourceTree = "<group>"; };
		F4AC5024218308B90054A3D3 /* Info.plist */ = {isa = PBXFileReference; lastKnownFileType = text.plist.xml; path = Info.plist; sourceTree = "<group>"; };
		F4AC5029218308B90054A3D3 /* VirgilCyptoRatchetTests.xctest */ = {isa = PBXFileReference; explicitFileType = wrapper.cfbundle; includeInIndex = 0; path = VirgilCyptoRatchetTests.xctest; sourceTree = BUILT_PRODUCTS_DIR; };
		F4AC502E218308B90054A3D3 /* VirgilCryptoRatchetTests.swift */ = {isa = PBXFileReference; lastKnownFileType = sourcecode.swift; path = VirgilCryptoRatchetTests.swift; sourceTree = "<group>"; };
		F4AC5030218308B90054A3D3 /* Info.plist */ = {isa = PBXFileReference; lastKnownFileType = text.plist.xml; path = Info.plist; sourceTree = "<group>"; };
		F4AC503B218309790054A3D3 /* VSCRatchet.framework */ = {isa = PBXFileReference; lastKnownFileType = wrapper.framework; path = VSCRatchet.framework; sourceTree = "<group>"; };
		F4AC504221830A880054A3D3 /* ErrorCtx.swift */ = {isa = PBXFileReference; fileEncoding = 4; lastKnownFileType = sourcecode.swift; path = ErrorCtx.swift; sourceTree = "<group>"; };
		F4AC504321830A880054A3D3 /* Error.swift */ = {isa = PBXFileReference; fileEncoding = 4; lastKnownFileType = sourcecode.swift; path = Error.swift; sourceTree = "<group>"; };
		F4AC504421830A880054A3D3 /* CContext.swift */ = {isa = PBXFileReference; fileEncoding = 4; lastKnownFileType = sourcecode.swift; path = CContext.swift; sourceTree = "<group>"; };
		F4AC504C218319060054A3D3 /* RatchetSenderChain.swift */ = {isa = PBXFileReference; fileEncoding = 4; lastKnownFileType = sourcecode.swift; path = RatchetSenderChain.swift; sourceTree = "<group>"; };
		F4AC504D218319060054A3D3 /* RatchetKdfInfo.swift */ = {isa = PBXFileReference; fileEncoding = 4; lastKnownFileType = sourcecode.swift; path = RatchetKdfInfo.swift; sourceTree = "<group>"; };
		F4AC504E218319060054A3D3 /* VirgilRatchetFakeRng.swift */ = {isa = PBXFileReference; fileEncoding = 4; lastKnownFileType = sourcecode.swift; path = VirgilRatchetFakeRng.swift; sourceTree = "<group>"; };
		F4AC504F218319060054A3D3 /* RatchetChainKey.swift */ = {isa = PBXFileReference; fileEncoding = 4; lastKnownFileType = sourcecode.swift; path = RatchetChainKey.swift; sourceTree = "<group>"; };
		F4AC5050218319060054A3D3 /* RatchetRng.swift */ = {isa = PBXFileReference; fileEncoding = 4; lastKnownFileType = sourcecode.swift; path = RatchetRng.swift; sourceTree = "<group>"; };
		F4AC5051218319060054A3D3 /* RatchetSkippedMessageKeyListNode.swift */ = {isa = PBXFileReference; fileEncoding = 4; lastKnownFileType = sourcecode.swift; path = RatchetSkippedMessageKeyListNode.swift; sourceTree = "<group>"; };
		F4AC5052218319060054A3D3 /* RatchetRegularMessage.swift */ = {isa = PBXFileReference; fileEncoding = 4; lastKnownFileType = sourcecode.swift; path = RatchetRegularMessage.swift; sourceTree = "<group>"; };
		F4AC5053218319060054A3D3 /* RatchetSession.swift */ = {isa = PBXFileReference; fileEncoding = 4; lastKnownFileType = sourcecode.swift; path = RatchetSession.swift; sourceTree = "<group>"; };
		F4AC5054218319060054A3D3 /* RatchetMessageKey.swift */ = {isa = PBXFileReference; fileEncoding = 4; lastKnownFileType = sourcecode.swift; path = RatchetMessageKey.swift; sourceTree = "<group>"; };
		F4AC5055218319060054A3D3 /* RatchetSkippedMessageKey.swift */ = {isa = PBXFileReference; fileEncoding = 4; lastKnownFileType = sourcecode.swift; path = RatchetSkippedMessageKey.swift; sourceTree = "<group>"; };
		F4AC5056218319060054A3D3 /* RatchetReceiverChain.swift */ = {isa = PBXFileReference; fileEncoding = 4; lastKnownFileType = sourcecode.swift; path = RatchetReceiverChain.swift; sourceTree = "<group>"; };
		F4AC5057218319060054A3D3 /* RatchetCipher.swift */ = {isa = PBXFileReference; fileEncoding = 4; lastKnownFileType = sourcecode.swift; path = RatchetCipher.swift; sourceTree = "<group>"; };
		F4AC5058218319060054A3D3 /* RatchetCommon.swift */ = {isa = PBXFileReference; fileEncoding = 4; lastKnownFileType = sourcecode.swift; path = RatchetCommon.swift; sourceTree = "<group>"; };
		F4AC5059218319060054A3D3 /* RatchetPrekeyMessage.swift */ = {isa = PBXFileReference; fileEncoding = 4; lastKnownFileType = sourcecode.swift; path = RatchetPrekeyMessage.swift; sourceTree = "<group>"; };
		F4AC505A218319060054A3D3 /* RatchetMessage.swift */ = {isa = PBXFileReference; fileEncoding = 4; lastKnownFileType = sourcecode.swift; path = RatchetMessage.swift; sourceTree = "<group>"; };
		F4AC505B218319060054A3D3 /* RatchetReceiverChainListNode.swift */ = {isa = PBXFileReference; fileEncoding = 4; lastKnownFileType = sourcecode.swift; path = RatchetReceiverChainListNode.swift; sourceTree = "<group>"; };
		F4AC505C218319060054A3D3 /* Ratchet.swift */ = {isa = PBXFileReference; fileEncoding = 4; lastKnownFileType = sourcecode.swift; path = Ratchet.swift; sourceTree = "<group>"; };
		F4B84230216F44A200C3D7F4 /* VirgilCryptoCommon.framework */ = {isa = PBXFileReference; explicitFileType = wrapper.framework; includeInIndex = 0; path = VirgilCryptoCommon.framework; sourceTree = BUILT_PRODUCTS_DIR; };
		F4B84231216F44A200C3D7F4 /* VirgilCryptoCommonTests.xctest */ = {isa = PBXFileReference; explicitFileType = wrapper.cfbundle; includeInIndex = 0; path = VirgilCryptoCommonTests.xctest; sourceTree = BUILT_PRODUCTS_DIR; };
/* End PBXFileReference section */

/* Begin PBXFrameworksBuildPhase section */
		F429BEFD2173AB42001F0D8E /* Frameworks */ = {
			isa = PBXFrameworksBuildPhase;
			buildActionMask = 2147483647;
			files = (
				F438C63F2173AC8400D0933B /* VirgilCryptoCommon.framework in Frameworks */,
				F438C6402173AC9100D0933B /* VSCFoundation.framework in Frameworks */,
			);
			runOnlyForDeploymentPostprocessing = 0;
		};
		F431D873217E3B3400A9389F /* Frameworks */ = {
			isa = PBXFrameworksBuildPhase;
			buildActionMask = 2147483647;
			files = (
				F431D87B217E3B3400A9389F /* VirgilCryptoFoundation.framework in Frameworks */,
			);
			runOnlyForDeploymentPostprocessing = 0;
		};
		F438C6552173AEBD00D0933B /* Frameworks */ = {
			isa = PBXFrameworksBuildPhase;
			buildActionMask = 2147483647;
			files = (
				F438C66F2173AF7B00D0933B /* VirgilCryptoCommon.framework in Frameworks */,
				F438C6702173AF8A00D0933B /* VSCPythia.framework in Frameworks */,
			);
			runOnlyForDeploymentPostprocessing = 0;
		};
		F438C65D2173AEBD00D0933B /* Frameworks */ = {
			isa = PBXFrameworksBuildPhase;
			buildActionMask = 2147483647;
			files = (
				F438C6612173AEBD00D0933B /* VirgilCryptoPythia.framework in Frameworks */,
			);
			runOnlyForDeploymentPostprocessing = 0;
		};
		F476E021216F43B500990B46 /* Frameworks */ = {
			isa = PBXFrameworksBuildPhase;
			buildActionMask = 2147483647;
			files = (
				F429BEFA2173A8A0001F0D8E /* VSCCommon.framework in Frameworks */,
			);
			runOnlyForDeploymentPostprocessing = 0;
		};
		F476E029216F43B600990B46 /* Frameworks */ = {
			isa = PBXFrameworksBuildPhase;
			buildActionMask = 2147483647;
			files = (
			);
			runOnlyForDeploymentPostprocessing = 0;
		};
		F4AC501E218308B90054A3D3 /* Frameworks */ = {
			isa = PBXFrameworksBuildPhase;
			buildActionMask = 2147483647;
			files = (
				F4AC50392183096D0054A3D3 /* VirgilCryptoCommon.framework in Frameworks */,
				F4AC503A2183096D0054A3D3 /* VirgilCryptoFoundation.framework in Frameworks */,
				F4AC503C218309790054A3D3 /* VSCRatchet.framework in Frameworks */,
			);
			runOnlyForDeploymentPostprocessing = 0;
		};
		F4AC5026218308B90054A3D3 /* Frameworks */ = {
			isa = PBXFrameworksBuildPhase;
			buildActionMask = 2147483647;
			files = (
				F4AC502A218308B90054A3D3 /* VirgilCryptoRatchet.framework in Frameworks */,
			);
			runOnlyForDeploymentPostprocessing = 0;
		};
/* End PBXFrameworksBuildPhase section */

/* Begin PBXGroup section */
		F429BF012173AB42001F0D8E /* VirgilCryptoFoundation */ = {
			isa = PBXGroup;
			children = (
				F45B094C2181A01A0083A758 /* CContext.swift */,
				F45B0948217F33940083A758 /* RsaPrivateKey.swift */,
				F45B0946217F337A0083A758 /* RsaPublicKey.swift */,
				F45B0942217F32B60083A758 /* FakeRandom.swift */,
				F45B0940217F32610083A758 /* Hmac.swift */,
				F45B093E217F324B0083A758 /* Hkdf.swift */,
				F45B093C217F28D50083A758 /* Aes256Gcm.swift */,
				F45B0938217F28B10083A758 /* Kdf1.swift */,
				F45B0939217F28B10083A758 /* Kdf2.swift */,
				F45B0936217F25C00083A758 /* Asn1wr.swift */,
				F45B0934217F1F6A0083A758 /* Asn1rd.swift */,
				F4470654217EF6780041D62D /* Sha256.swift */,
				F4470653217EF6770041D62D /* Sha384.swift */,
				F4470655217EF6780041D62D /* Sha512.swift */,
				F431D870217E2D0F00A9389F /* Sha224.swift */,
				F431D815217DE57600A9389F /* Asn1Reader.swift */,
				F431D814217DE57600A9389F /* Asn1Tag.swift */,
				F431D835217DE57800A9389F /* Asn1Writer.swift */,
				F431D83B217DE57900A9389F /* AuthDecrypt.swift */,
				F431D836217DE57800A9389F /* AuthEncrypt.swift */,
				F431D839217DE57900A9389F /* Cipher.swift */,
				F431D817217DE57600A9389F /* CipherAuth.swift */,
				F431D81D217DE57600A9389F /* CipherAuthInfo.swift */,
				F431D83C217DE57900A9389F /* CipherInfo.swift */,
				F431D83A217DE57900A9389F /* ComputeSharedKey.swift */,
				F431D82F217DE57700A9389F /* Decrypt.swift */,
				F431D81C217DE57600A9389F /* Encrypt.swift */,
				F431D838217DE57800A9389F /* Error.swift */,
				F431D824217DE57700A9389F /* ExKdf.swift */,
				F431D81E217DE57600A9389F /* ExportPrivateKey.swift */,
				F431D83D217DE57A00A9389F /* ExportPublicKey.swift */,
				F431D81A217DE57600A9389F /* GenerateKey.swift */,
				F431D837217DE57800A9389F /* Hash.swift */,
				F431D829217DE57700A9389F /* HashInfo.swift */,
				F431D82B217DE57700A9389F /* HashStream.swift */,
				F431D822217DE57600A9389F /* ImportPrivateKey.swift */,
				F431D831217DE57800A9389F /* ImportPublicKey.swift */,
				F431D819217DE57600A9389F /* Kdf.swift */,
				F431D818217DE57600A9389F /* Key.swift */,
				F431D823217DE57600A9389F /* Mac.swift */,
				F431D832217DE57800A9389F /* MacInfo.swift */,
				F431D825217DE57700A9389F /* MacStream.swift */,
				F431D820217DE57600A9389F /* PrivateKey.swift */,
				F431D826217DE57700A9389F /* PublicKey.swift */,
				F431D830217DE57800A9389F /* Random.swift */,
				F431D812217DE57500A9389F /* Sign.swift */,
				F431D828217DE57700A9389F /* Verify.swift */,
				F429BF022173AB42001F0D8E /* VirgilCryptoFoundation.h */,
				F429BF032173AB42001F0D8E /* Info.plist */,
			);
			path = VirgilCryptoFoundation;
			sourceTree = "<group>";
		};
		F429BF0C2173AB42001F0D8E /* VirgilCryptoFoundationTests */ = {
			isa = PBXGroup;
			children = (
				F429BF0D2173AB42001F0D8E /* VirgilCryptoFoundationTests.swift */,
				F429BF0F2173AB42001F0D8E /* Info.plist */,
			);
			path = VirgilCryptoFoundationTests;
			sourceTree = "<group>";
		};
		F4376A39216F406000C57E21 = {
			isa = PBXGroup;
			children = (
				F476E025216F43B500990B46 /* VirgilCryptoCommon */,
				F476E030216F43B600990B46 /* VirgilCryptoCommonTests */,
				F429BF012173AB42001F0D8E /* VirgilCryptoFoundation */,
				F429BF0C2173AB42001F0D8E /* VirgilCryptoFoundationTests */,
				F438C6592173AEBD00D0933B /* VirgilCryptoPythia */,
				F438C6642173AEBD00D0933B /* VirgilCryptoPythiaTests */,
				F4AC5022218308B90054A3D3 /* VirgilCryptoRatchet */,
				F4AC502D218308B90054A3D3 /* VirgilCryptoRatchetTests */,
				F443182F216F4B0500F3ECB1 /* Scripts */,
				F4431831216F682700F3ECB1 /* Binaries */,
				F4B84230216F44A200C3D7F4 /* VirgilCryptoCommon.framework */,
				F4B84231216F44A200C3D7F4 /* VirgilCryptoCommonTests.xctest */,
				F429BF002173AB42001F0D8E /* VirgilCryptoFoundation.framework */,
				F431D876217E3B3400A9389F /* VirgilCryptoFoundationTests.xctest */,
				F438C6582173AEBD00D0933B /* VirgilCryptoPythia.framework */,
				F438C6602173AEBD00D0933B /* VirgilCryptoPythiaTests.xctest */,
				F4AC5021218308B90054A3D3 /* VirgilCryptoRatchet.framework */,
				F4AC5029218308B90054A3D3 /* VirgilCyptoRatchetTests.xctest */,
			);
			sourceTree = "<group>";
		};
		F438C6592173AEBD00D0933B /* VirgilCryptoPythia */ = {
			isa = PBXGroup;
			children = (
				F45B094E2181A02D0083A758 /* CContext.swift */,
				F48E70A021773DCA00405E0B /* Error.swift */,
				F4229D03217489DB0012F243 /* Pythia.swift */,
				F438C65A2173AEBD00D0933B /* VirgilCryptoPythia.h */,
				F438C65B2173AEBD00D0933B /* Info.plist */,
			);
			path = VirgilCryptoPythia;
			sourceTree = "<group>";
		};
		F438C6642173AEBD00D0933B /* VirgilCryptoPythiaTests */ = {
			isa = PBXGroup;
			children = (
				F438C6652173AEBD00D0933B /* VirgilCryptoPythiaTests.swift */,
				F438C6672173AEBD00D0933B /* Info.plist */,
			);
			path = VirgilCryptoPythiaTests;
			sourceTree = "<group>";
		};
		F443182F216F4B0500F3ECB1 /* Scripts */ = {
			isa = PBXGroup;
			children = (
				F4431830216F4C5300F3ECB1 /* build_c_frameworks.sh */,
			);
			name = Scripts;
			path = "New Group";
			sourceTree = "<group>";
		};
		F4431831216F682700F3ECB1 /* Binaries */ = {
			isa = PBXGroup;
			children = (
				F4431832216F682700F3ECB1 /* macOS */,
				F4431833216F682700F3ECB1 /* watchOS */,
				F4431834216F682700F3ECB1 /* iOS */,
				F4431838216F682700F3ECB1 /* tvOS */,
			);
			path = Binaries;
			sourceTree = "<group>";
		};
		F4431832216F682700F3ECB1 /* macOS */ = {
			isa = PBXGroup;
			children = (
			);
			path = macOS;
			sourceTree = "<group>";
		};
		F4431833216F682700F3ECB1 /* watchOS */ = {
			isa = PBXGroup;
			children = (
			);
			path = watchOS;
			sourceTree = "<group>";
		};
		F4431834216F682700F3ECB1 /* iOS */ = {
			isa = PBXGroup;
			children = (
				F4431837216F682700F3ECB1 /* VSCCommon.framework */,
				F4431835216F682700F3ECB1 /* VSCFoundation.framework */,
				F4431836216F682700F3ECB1 /* VSCPythia.framework */,
				F4AC503B218309790054A3D3 /* VSCRatchet.framework */,
			);
			path = iOS;
			sourceTree = "<group>";
		};
		F4431838216F682700F3ECB1 /* tvOS */ = {
			isa = PBXGroup;
			children = (
			);
			path = tvOS;
			sourceTree = "<group>";
		};
		F476E025216F43B500990B46 /* VirgilCryptoCommon */ = {
			isa = PBXGroup;
			children = (
				F476E026216F43B500990B46 /* VirgilCryptoCommon.h */,
				F476E027216F43B500990B46 /* Info.plist */,
			);
			path = VirgilCryptoCommon;
			sourceTree = "<group>";
		};
		F476E030216F43B600990B46 /* VirgilCryptoCommonTests */ = {
			isa = PBXGroup;
			children = (
				F476E031216F43B600990B46 /* VirgilCryptoCommonTests.swift */,
				F476E033216F43B600990B46 /* Info.plist */,
			);
			path = VirgilCryptoCommonTests;
			sourceTree = "<group>";
		};
		F4AC5022218308B90054A3D3 /* VirgilCryptoRatchet */ = {
			isa = PBXGroup;
			children = (
				F4AC505C218319060054A3D3 /* Ratchet.swift */,
				F4AC504F218319060054A3D3 /* RatchetChainKey.swift */,
				F4AC5057218319060054A3D3 /* RatchetCipher.swift */,
				F4AC5058218319060054A3D3 /* RatchetCommon.swift */,
				F4AC504D218319060054A3D3 /* RatchetKdfInfo.swift */,
				F4AC505A218319060054A3D3 /* RatchetMessage.swift */,
				F4AC5054218319060054A3D3 /* RatchetMessageKey.swift */,
				F4AC5059218319060054A3D3 /* RatchetPrekeyMessage.swift */,
				F4AC5056218319060054A3D3 /* RatchetReceiverChain.swift */,
				F4AC505B218319060054A3D3 /* RatchetReceiverChainListNode.swift */,
				F4AC5052218319060054A3D3 /* RatchetRegularMessage.swift */,
				F4AC5050218319060054A3D3 /* RatchetRng.swift */,
				F4AC504C218319060054A3D3 /* RatchetSenderChain.swift */,
				F4AC5053218319060054A3D3 /* RatchetSession.swift */,
				F4AC5055218319060054A3D3 /* RatchetSkippedMessageKey.swift */,
				F4AC5051218319060054A3D3 /* RatchetSkippedMessageKeyListNode.swift */,
				F4AC504E218319060054A3D3 /* VirgilRatchetFakeRng.swift */,
				F4AC504421830A880054A3D3 /* CContext.swift */,
				F4AC504321830A880054A3D3 /* Error.swift */,
				F4AC504221830A880054A3D3 /* ErrorCtx.swift */,
				F4AC5023218308B90054A3D3 /* VirgilCryptoRatchet.h */,
				F4AC5024218308B90054A3D3 /* Info.plist */,
			);
			path = VirgilCryptoRatchet;
			sourceTree = "<group>";
		};
		F4AC502D218308B90054A3D3 /* VirgilCryptoRatchetTests */ = {
			isa = PBXGroup;
			children = (
				F4AC502E218308B90054A3D3 /* VirgilCryptoRatchetTests.swift */,
				F4AC5030218308B90054A3D3 /* Info.plist */,
			);
			path = VirgilCryptoRatchetTests;
			sourceTree = "<group>";
		};
/* End PBXGroup section */

/* Begin PBXHeadersBuildPhase section */
		F429BEFB2173AB42001F0D8E /* Headers */ = {
			isa = PBXHeadersBuildPhase;
			buildActionMask = 2147483647;
			files = (
				F429BF102173AB42001F0D8E /* VirgilCryptoFoundation.h in Headers */,
			);
			runOnlyForDeploymentPostprocessing = 0;
		};
		F438C6532173AEBD00D0933B /* Headers */ = {
			isa = PBXHeadersBuildPhase;
			buildActionMask = 2147483647;
			files = (
				F438C6682173AEBD00D0933B /* VirgilCryptoPythia.h in Headers */,
			);
			runOnlyForDeploymentPostprocessing = 0;
		};
		F476E01F216F43B500990B46 /* Headers */ = {
			isa = PBXHeadersBuildPhase;
			buildActionMask = 2147483647;
			files = (
				F476E034216F43B600990B46 /* VirgilCryptoCommon.h in Headers */,
			);
			runOnlyForDeploymentPostprocessing = 0;
		};
		F4AC501C218308B90054A3D3 /* Headers */ = {
			isa = PBXHeadersBuildPhase;
			buildActionMask = 2147483647;
			files = (
				F4AC5031218308B90054A3D3 /* VirgilCryptoRatchet.h in Headers */,
			);
			runOnlyForDeploymentPostprocessing = 0;
		};
/* End PBXHeadersBuildPhase section */

/* Begin PBXNativeTarget section */
		F429BEFF2173AB42001F0D8E /* VirgilCryptoFoundation IOS */ = {
			isa = PBXNativeTarget;
			buildConfigurationList = F429BF112173AB42001F0D8E /* Build configuration list for PBXNativeTarget "VirgilCryptoFoundation IOS" */;
			buildPhases = (
				F429BEFB2173AB42001F0D8E /* Headers */,
				F429BEFC2173AB42001F0D8E /* Sources */,
				F429BEFD2173AB42001F0D8E /* Frameworks */,
				F429BEFE2173AB42001F0D8E /* Resources */,
			);
			buildRules = (
			);
			dependencies = (
				F438C6422173ACA000D0933B /* PBXTargetDependency */,
			);
			name = "VirgilCryptoFoundation IOS";
			productName = VirgilCryptoFoundation;
			productReference = F429BF002173AB42001F0D8E /* VirgilCryptoFoundation.framework */;
			productType = "com.apple.product-type.framework";
		};
		F431D875217E3B3400A9389F /* VirgilCryptoFoundationTests iOS */ = {
			isa = PBXNativeTarget;
			buildConfigurationList = F431D87E217E3B3400A9389F /* Build configuration list for PBXNativeTarget "VirgilCryptoFoundationTests iOS" */;
			buildPhases = (
				F431D872217E3B3400A9389F /* Sources */,
				F431D873217E3B3400A9389F /* Frameworks */,
				F431D874217E3B3400A9389F /* Resources */,
				F431D882217E3C0E00A9389F /* CopyFiles */,
			);
			buildRules = (
			);
			dependencies = (
				F431D87D217E3B3400A9389F /* PBXTargetDependency */,
			);
			name = "VirgilCryptoFoundationTests iOS";
			productName = "VirgilCryptoFoundationTests iOS";
			productReference = F431D876217E3B3400A9389F /* VirgilCryptoFoundationTests.xctest */;
			productType = "com.apple.product-type.bundle.unit-test";
		};
		F438C6572173AEBD00D0933B /* VirgilCryptoPythia iOS */ = {
			isa = PBXNativeTarget;
			buildConfigurationList = F438C6692173AEBD00D0933B /* Build configuration list for PBXNativeTarget "VirgilCryptoPythia iOS" */;
			buildPhases = (
				F438C6532173AEBD00D0933B /* Headers */,
				F438C6542173AEBD00D0933B /* Sources */,
				F438C6552173AEBD00D0933B /* Frameworks */,
				F438C6562173AEBD00D0933B /* Resources */,
			);
			buildRules = (
			);
			dependencies = (
				F4AC504921830AF30054A3D3 /* PBXTargetDependency */,
			);
			name = "VirgilCryptoPythia iOS";
			productName = VirgilCryptoPythia;
			productReference = F438C6582173AEBD00D0933B /* VirgilCryptoPythia.framework */;
			productType = "com.apple.product-type.framework";
		};
		F438C65F2173AEBD00D0933B /* VirgilCryptoPythiaTests iOS */ = {
			isa = PBXNativeTarget;
			buildConfigurationList = F438C66C2173AEBD00D0933B /* Build configuration list for PBXNativeTarget "VirgilCryptoPythiaTests iOS" */;
			buildPhases = (
				F438C65C2173AEBD00D0933B /* Sources */,
				F438C65D2173AEBD00D0933B /* Frameworks */,
				F438C65E2173AEBD00D0933B /* Resources */,
				F438C6712173AF9A00D0933B /* CopyFiles */,
			);
			buildRules = (
			);
			dependencies = (
				F438C6632173AEBD00D0933B /* PBXTargetDependency */,
			);
			name = "VirgilCryptoPythiaTests iOS";
			productName = VirgilCryptoPythiaTests;
			productReference = F438C6602173AEBD00D0933B /* VirgilCryptoPythiaTests.xctest */;
			productType = "com.apple.product-type.bundle.unit-test";
		};
		F476E023216F43B500990B46 /* VirgilCryptoCommon iOS */ = {
			isa = PBXNativeTarget;
			buildConfigurationList = F476E035216F43B600990B46 /* Build configuration list for PBXNativeTarget "VirgilCryptoCommon iOS" */;
			buildPhases = (
				F476E01F216F43B500990B46 /* Headers */,
				F476E020216F43B500990B46 /* Sources */,
				F476E021216F43B500990B46 /* Frameworks */,
				F476E022216F43B500990B46 /* Resources */,
			);
			buildRules = (
			);
			dependencies = (
				F476E03C216F43CD00990B46 /* PBXTargetDependency */,
			);
			name = "VirgilCryptoCommon iOS";
			productName = VirgilCryptoCommon;
			productReference = F4B84230216F44A200C3D7F4 /* VirgilCryptoCommon.framework */;
			productType = "com.apple.product-type.framework";
		};
		F476E02B216F43B600990B46 /* VirgilCryptoCommonTests iOS */ = {
			isa = PBXNativeTarget;
			buildConfigurationList = F476E038216F43B600990B46 /* Build configuration list for PBXNativeTarget "VirgilCryptoCommonTests iOS" */;
			buildPhases = (
				F476E028216F43B600990B46 /* Sources */,
				F476E029216F43B600990B46 /* Frameworks */,
				F476E02A216F43B600990B46 /* Resources */,
				F438C6512173AE7E00D0933B /* CopyFiles */,
			);
			buildRules = (
			);
			dependencies = (
				F476E02F216F43B600990B46 /* PBXTargetDependency */,
			);
			name = "VirgilCryptoCommonTests iOS";
			productName = VirgilCryptoCommonTests;
			productReference = F4B84231216F44A200C3D7F4 /* VirgilCryptoCommonTests.xctest */;
			productType = "com.apple.product-type.bundle.unit-test";
		};
		F4AC5020218308B90054A3D3 /* VirgilCryptoRatchet iOS */ = {
			isa = PBXNativeTarget;
			buildConfigurationList = F4AC5036218308B90054A3D3 /* Build configuration list for PBXNativeTarget "VirgilCryptoRatchet iOS" */;
			buildPhases = (
				F4AC501C218308B90054A3D3 /* Headers */,
				F4AC501D218308B90054A3D3 /* Sources */,
				F4AC501E218308B90054A3D3 /* Frameworks */,
				F4AC501F218308B90054A3D3 /* Resources */,
			);
			buildRules = (
			);
			dependencies = (
				F4AC504B21830AF80054A3D3 /* PBXTargetDependency */,
			);
			name = "VirgilCryptoRatchet iOS";
			productName = VirgilCryptoRatchet;
			productReference = F4AC5021218308B90054A3D3 /* VirgilCryptoRatchet.framework */;
			productType = "com.apple.product-type.framework";
		};
		F4AC5028218308B90054A3D3 /* VirgilCryptoRatchetTests iOS */ = {
			isa = PBXNativeTarget;
			buildConfigurationList = F4AC5037218308B90054A3D3 /* Build configuration list for PBXNativeTarget "VirgilCryptoRatchetTests iOS" */;
			buildPhases = (
				F4AC5025218308B90054A3D3 /* Sources */,
				F4AC5026218308B90054A3D3 /* Frameworks */,
				F4AC5027218308B90054A3D3 /* Resources */,
				F4AC503D218309B80054A3D3 /* CopyFiles */,
			);
			buildRules = (
			);
			dependencies = (
				F4AC502C218308B90054A3D3 /* PBXTargetDependency */,
			);
			name = "VirgilCryptoRatchetTests iOS";
			productName = VirgilCryptoRatchetTests;
			productReference = F4AC5029218308B90054A3D3 /* VirgilCyptoRatchetTests.xctest */;
			productType = "com.apple.product-type.bundle.unit-test";
		};
/* End PBXNativeTarget section */

/* Begin PBXProject section */
		F4376A3A216F406000C57E21 /* Project object */ = {
			isa = PBXProject;
			attributes = {
				LastSwiftUpdateCheck = 1000;
				LastUpgradeCheck = 1000;
				ORGANIZATIONNAME = "Virgil Security, Inc.";
				TargetAttributes = {
					F429BEFF2173AB42001F0D8E = {
						CreatedOnToolsVersion = 10.0;
						LastSwiftMigration = 1000;
					};
					F431D875217E3B3400A9389F = {
						CreatedOnToolsVersion = 10.0;
					};
					F438C6572173AEBD00D0933B = {
						CreatedOnToolsVersion = 10.0;
						LastSwiftMigration = 1000;
					};
					F438C65F2173AEBD00D0933B = {
						CreatedOnToolsVersion = 10.0;
					};
					F476E019216F423100990B46 = {
						CreatedOnToolsVersion = 10.0;
					};
					F476E023216F43B500990B46 = {
						CreatedOnToolsVersion = 10.0;
					};
					F476E02B216F43B600990B46 = {
						CreatedOnToolsVersion = 10.0;
					};
					F4AC5020218308B90054A3D3 = {
						CreatedOnToolsVersion = 10.0;
						LastSwiftMigration = 1000;
					};
					F4AC5028218308B90054A3D3 = {
						CreatedOnToolsVersion = 10.0;
					};
				};
			};
			buildConfigurationList = F4376A3D216F406000C57E21 /* Build configuration list for PBXProject "VirgilCrypto" */;
			compatibilityVersion = "Xcode 9.3";
			developmentRegion = en;
			hasScannedForEncodings = 0;
			knownRegions = (
				en,
			);
			mainGroup = F4376A39216F406000C57E21;
			productRefGroup = F4376A39216F406000C57E21;
			projectDirPath = "";
			projectRoot = "";
			targets = (
				F476E019216F423100990B46 /* C Frameworks */,
				F476E023216F43B500990B46 /* VirgilCryptoCommon iOS */,
				F476E02B216F43B600990B46 /* VirgilCryptoCommonTests iOS */,
				F429BEFF2173AB42001F0D8E /* VirgilCryptoFoundation IOS */,
				F431D875217E3B3400A9389F /* VirgilCryptoFoundationTests iOS */,
				F438C6572173AEBD00D0933B /* VirgilCryptoPythia iOS */,
				F438C65F2173AEBD00D0933B /* VirgilCryptoPythiaTests iOS */,
				F4AC5020218308B90054A3D3 /* VirgilCryptoRatchet iOS */,
				F4AC5028218308B90054A3D3 /* VirgilCryptoRatchetTests iOS */,
			);
		};
/* End PBXProject section */

/* Begin PBXResourcesBuildPhase section */
		F429BEFE2173AB42001F0D8E /* Resources */ = {
			isa = PBXResourcesBuildPhase;
			buildActionMask = 2147483647;
			files = (
			);
			runOnlyForDeploymentPostprocessing = 0;
		};
		F431D874217E3B3400A9389F /* Resources */ = {
			isa = PBXResourcesBuildPhase;
			buildActionMask = 2147483647;
			files = (
			);
			runOnlyForDeploymentPostprocessing = 0;
		};
		F438C6562173AEBD00D0933B /* Resources */ = {
			isa = PBXResourcesBuildPhase;
			buildActionMask = 2147483647;
			files = (
			);
			runOnlyForDeploymentPostprocessing = 0;
		};
		F438C65E2173AEBD00D0933B /* Resources */ = {
			isa = PBXResourcesBuildPhase;
			buildActionMask = 2147483647;
			files = (
			);
			runOnlyForDeploymentPostprocessing = 0;
		};
		F476E022216F43B500990B46 /* Resources */ = {
			isa = PBXResourcesBuildPhase;
			buildActionMask = 2147483647;
			files = (
			);
			runOnlyForDeploymentPostprocessing = 0;
		};
		F476E02A216F43B600990B46 /* Resources */ = {
			isa = PBXResourcesBuildPhase;
			buildActionMask = 2147483647;
			files = (
			);
			runOnlyForDeploymentPostprocessing = 0;
		};
		F4AC501F218308B90054A3D3 /* Resources */ = {
			isa = PBXResourcesBuildPhase;
			buildActionMask = 2147483647;
			files = (
			);
			runOnlyForDeploymentPostprocessing = 0;
		};
		F4AC5027218308B90054A3D3 /* Resources */ = {
			isa = PBXResourcesBuildPhase;
			buildActionMask = 2147483647;
			files = (
			);
			runOnlyForDeploymentPostprocessing = 0;
		};
/* End PBXResourcesBuildPhase section */

/* Begin PBXShellScriptBuildPhase section */
		F476E01D216F429300990B46 /* ShellScript */ = {
			isa = PBXShellScriptBuildPhase;
			buildActionMask = 12;
			files = (
			);
			inputFileListPaths = (
			);
			inputPaths = (
			);
			outputFileListPaths = (
			);
			outputPaths = (
			);
			runOnlyForDeploymentPostprocessing = 0;
			shellPath = /bin/bash;
			shellScript = "\"${PROJECT_DIR}/Scripts/build_c_frameworks.sh\"\n";
		};
/* End PBXShellScriptBuildPhase section */

/* Begin PBXSourcesBuildPhase section */
		F429BEFC2173AB42001F0D8E /* Sources */ = {
			isa = PBXSourcesBuildPhase;
			buildActionMask = 2147483647;
			files = (
				F431D849217DE57B00A9389F /* GenerateKey.swift in Sources */,
				F431D868217DE57B00A9389F /* Cipher.swift in Sources */,
				F431D861217DE57B00A9389F /* MacInfo.swift in Sources */,
				F431D84D217DE57B00A9389F /* ExportPrivateKey.swift in Sources */,
				F45B0935217F1F6A0083A758 /* Asn1rd.swift in Sources */,
				F45B094D2181A01B0083A758 /* CContext.swift in Sources */,
				F431D847217DE57B00A9389F /* Key.swift in Sources */,
				F431D848217DE57B00A9389F /* Kdf.swift in Sources */,
				F431D857217DE57B00A9389F /* Verify.swift in Sources */,
				F431D866217DE57B00A9389F /* Hash.swift in Sources */,
				F45B093A217F28B20083A758 /* Kdf1.swift in Sources */,
				F45B093F217F324B0083A758 /* Hkdf.swift in Sources */,
				F431D846217DE57B00A9389F /* CipherAuth.swift in Sources */,
				F431D869217DE57B00A9389F /* ComputeSharedKey.swift in Sources */,
				F431D85A217DE57B00A9389F /* HashStream.swift in Sources */,
				F431D84B217DE57B00A9389F /* Encrypt.swift in Sources */,
				F45B0943217F32B60083A758 /* FakeRandom.swift in Sources */,
				F431D855217DE57B00A9389F /* PublicKey.swift in Sources */,
				F431D865217DE57B00A9389F /* AuthEncrypt.swift in Sources */,
				F45B0937217F25C00083A758 /* Asn1wr.swift in Sources */,
				F431D858217DE57B00A9389F /* HashInfo.swift in Sources */,
				F431D867217DE57B00A9389F /* Error.swift in Sources */,
				F431D86A217DE57B00A9389F /* AuthDecrypt.swift in Sources */,
				F431D854217DE57B00A9389F /* MacStream.swift in Sources */,
				F431D852217DE57B00A9389F /* Mac.swift in Sources */,
				F431D843217DE57B00A9389F /* Asn1Tag.swift in Sources */,
				F431D85F217DE57B00A9389F /* Random.swift in Sources */,
				F45B0947217F337A0083A758 /* RsaPublicKey.swift in Sources */,
				F431D871217E2D0F00A9389F /* Sha224.swift in Sources */,
				F431D86B217DE57B00A9389F /* CipherInfo.swift in Sources */,
				F431D84C217DE57B00A9389F /* CipherAuthInfo.swift in Sources */,
				F431D860217DE57B00A9389F /* ImportPublicKey.swift in Sources */,
				F431D851217DE57B00A9389F /* ImportPrivateKey.swift in Sources */,
				F431D853217DE57B00A9389F /* ExKdf.swift in Sources */,
				F4470658217EF6780041D62D /* Sha512.swift in Sources */,
				F431D85E217DE57B00A9389F /* Decrypt.swift in Sources */,
				F4470656217EF6780041D62D /* Sha384.swift in Sources */,
				F431D86C217DE57B00A9389F /* ExportPublicKey.swift in Sources */,
				F431D844217DE57B00A9389F /* Asn1Reader.swift in Sources */,
				F431D864217DE57B00A9389F /* Asn1Writer.swift in Sources */,
				F45B093D217F28D50083A758 /* Aes256Gcm.swift in Sources */,
				F45B093B217F28B20083A758 /* Kdf2.swift in Sources */,
				F45B0941217F32610083A758 /* Hmac.swift in Sources */,
				F45B0949217F33940083A758 /* RsaPrivateKey.swift in Sources */,
				F4470657217EF6780041D62D /* Sha256.swift in Sources */,
				F431D841217DE57B00A9389F /* Sign.swift in Sources */,
				F431D84F217DE57B00A9389F /* PrivateKey.swift in Sources */,
			);
			runOnlyForDeploymentPostprocessing = 0;
		};
		F431D872217E3B3400A9389F /* Sources */ = {
			isa = PBXSourcesBuildPhase;
			buildActionMask = 2147483647;
			files = (
				F431D881217E3BCF00A9389F /* VirgilCryptoFoundationTests.swift in Sources */,
			);
			runOnlyForDeploymentPostprocessing = 0;
		};
		F438C6542173AEBD00D0933B /* Sources */ = {
			isa = PBXSourcesBuildPhase;
			buildActionMask = 2147483647;
			files = (
				F45B094F2181A02D0083A758 /* CContext.swift in Sources */,
				F48E70A121773DCA00405E0B /* Error.swift in Sources */,
				F4229D04217489DB0012F243 /* Pythia.swift in Sources */,
			);
			runOnlyForDeploymentPostprocessing = 0;
		};
		F438C65C2173AEBD00D0933B /* Sources */ = {
			isa = PBXSourcesBuildPhase;
			buildActionMask = 2147483647;
			files = (
				F438C6662173AEBD00D0933B /* VirgilCryptoPythiaTests.swift in Sources */,
			);
			runOnlyForDeploymentPostprocessing = 0;
		};
		F476E020216F43B500990B46 /* Sources */ = {
			isa = PBXSourcesBuildPhase;
			buildActionMask = 2147483647;
			files = (
			);
			runOnlyForDeploymentPostprocessing = 0;
		};
		F476E028216F43B600990B46 /* Sources */ = {
			isa = PBXSourcesBuildPhase;
			buildActionMask = 2147483647;
			files = (
				F476E032216F43B600990B46 /* VirgilCryptoCommonTests.swift in Sources */,
			);
			runOnlyForDeploymentPostprocessing = 0;
		};
		F4AC501D218308B90054A3D3 /* Sources */ = {
			isa = PBXSourcesBuildPhase;
			buildActionMask = 2147483647;
			files = (
				F4AC5060218319060054A3D3 /* RatchetChainKey.swift in Sources */,
				F4AC5064218319060054A3D3 /* RatchetSession.swift in Sources */,
				F4AC5069218319060054A3D3 /* RatchetCommon.swift in Sources */,
				F4AC5067218319060054A3D3 /* RatchetReceiverChain.swift in Sources */,
				F4AC505E218319060054A3D3 /* RatchetKdfInfo.swift in Sources */,
				F4AC506B218319060054A3D3 /* RatchetMessage.swift in Sources */,
				F4AC5066218319060054A3D3 /* RatchetSkippedMessageKey.swift in Sources */,
				F4AC506C218319060054A3D3 /* RatchetReceiverChainListNode.swift in Sources */,
				F4AC505F218319060054A3D3 /* VirgilRatchetFakeRng.swift in Sources */,
				F4AC5068218319060054A3D3 /* RatchetCipher.swift in Sources */,
				F4AC504721830A880054A3D3 /* CContext.swift in Sources */,
				F4AC506A218319060054A3D3 /* RatchetPrekeyMessage.swift in Sources */,
				F4AC504621830A880054A3D3 /* Error.swift in Sources */,
				F4AC5061218319060054A3D3 /* RatchetRng.swift in Sources */,
				F4AC5065218319060054A3D3 /* RatchetMessageKey.swift in Sources */,
				F4AC506D218319060054A3D3 /* Ratchet.swift in Sources */,
				F4AC505D218319060054A3D3 /* RatchetSenderChain.swift in Sources */,
				F4AC504521830A880054A3D3 /* ErrorCtx.swift in Sources */,
				F4AC5063218319060054A3D3 /* RatchetRegularMessage.swift in Sources */,
				F4AC5062218319060054A3D3 /* RatchetSkippedMessageKeyListNode.swift in Sources */,
			);
			runOnlyForDeploymentPostprocessing = 0;
		};
		F4AC5025218308B90054A3D3 /* Sources */ = {
			isa = PBXSourcesBuildPhase;
			buildActionMask = 2147483647;
			files = (
				F4AC502F218308B90054A3D3 /* VirgilCryptoRatchetTests.swift in Sources */,
			);
			runOnlyForDeploymentPostprocessing = 0;
		};
/* End PBXSourcesBuildPhase section */

/* Begin PBXTargetDependency section */
		F431D87D217E3B3400A9389F /* PBXTargetDependency */ = {
			isa = PBXTargetDependency;
			target = F429BEFF2173AB42001F0D8E /* VirgilCryptoFoundation IOS */;
			targetProxy = F431D87C217E3B3400A9389F /* PBXContainerItemProxy */;
		};
		F438C6422173ACA000D0933B /* PBXTargetDependency */ = {
			isa = PBXTargetDependency;
			target = F476E019216F423100990B46 /* C Frameworks */;
			targetProxy = F438C6412173ACA000D0933B /* PBXContainerItemProxy */;
		};
		F438C6632173AEBD00D0933B /* PBXTargetDependency */ = {
			isa = PBXTargetDependency;
			target = F438C6572173AEBD00D0933B /* VirgilCryptoPythia iOS */;
			targetProxy = F438C6622173AEBD00D0933B /* PBXContainerItemProxy */;
		};
		F476E02F216F43B600990B46 /* PBXTargetDependency */ = {
			isa = PBXTargetDependency;
			target = F476E023216F43B500990B46 /* VirgilCryptoCommon iOS */;
			targetProxy = F476E02E216F43B600990B46 /* PBXContainerItemProxy */;
		};
		F476E03C216F43CD00990B46 /* PBXTargetDependency */ = {
			isa = PBXTargetDependency;
			target = F476E019216F423100990B46 /* C Frameworks */;
			targetProxy = F476E03B216F43CD00990B46 /* PBXContainerItemProxy */;
		};
		F4AC502C218308B90054A3D3 /* PBXTargetDependency */ = {
			isa = PBXTargetDependency;
			target = F4AC5020218308B90054A3D3 /* VirgilCryptoRatchet iOS */;
			targetProxy = F4AC502B218308B90054A3D3 /* PBXContainerItemProxy */;
		};
		F4AC504921830AF30054A3D3 /* PBXTargetDependency */ = {
			isa = PBXTargetDependency;
			target = F476E019216F423100990B46 /* C Frameworks */;
			targetProxy = F4AC504821830AF30054A3D3 /* PBXContainerItemProxy */;
		};
		F4AC504B21830AF80054A3D3 /* PBXTargetDependency */ = {
			isa = PBXTargetDependency;
			target = F476E019216F423100990B46 /* C Frameworks */;
			targetProxy = F4AC504A21830AF80054A3D3 /* PBXContainerItemProxy */;
		};
/* End PBXTargetDependency section */

/* Begin XCBuildConfiguration section */
		F429BF122173AB42001F0D8E /* Debug */ = {
			isa = XCBuildConfiguration;
			buildSettings = {
				CLANG_ENABLE_MODULES = YES;
				CODE_SIGN_IDENTITY = "";
				CODE_SIGN_STYLE = Automatic;
				DEFINES_MODULE = YES;
				DEVELOPMENT_TEAM = AH4G577LKX;
				DYLIB_COMPATIBILITY_VERSION = 1;
				DYLIB_CURRENT_VERSION = 1;
				DYLIB_INSTALL_NAME_BASE = "@rpath";
				FRAMEWORK_SEARCH_PATHS = (
					"$(inherited)",
					"$(PROJECT_DIR)/Binaries/iOS",
				);
				INFOPLIST_FILE = VirgilCryptoFoundation/Info.plist;
				INSTALL_PATH = "$(LOCAL_LIBRARY_DIR)/Frameworks";
				LD_RUNPATH_SEARCH_PATHS = (
					"$(inherited)",
					"@executable_path/Frameworks",
					"@loader_path/Frameworks",
				);
				PRODUCT_BUNDLE_IDENTIFIER = com.virgilsecurity.VirgilCryptoFoundation;
				PRODUCT_NAME = VirgilCryptoFoundation;
				SKIP_INSTALL = YES;
				SWIFT_OPTIMIZATION_LEVEL = "-Onone";
				SWIFT_VERSION = 4.2;
				TARGETED_DEVICE_FAMILY = "1,2";
			};
			name = Debug;
		};
		F429BF132173AB42001F0D8E /* Release */ = {
			isa = XCBuildConfiguration;
			buildSettings = {
				CLANG_ENABLE_MODULES = YES;
				CODE_SIGN_IDENTITY = "";
				CODE_SIGN_STYLE = Automatic;
				DEFINES_MODULE = YES;
				DEVELOPMENT_TEAM = AH4G577LKX;
				DYLIB_COMPATIBILITY_VERSION = 1;
				DYLIB_CURRENT_VERSION = 1;
				DYLIB_INSTALL_NAME_BASE = "@rpath";
				FRAMEWORK_SEARCH_PATHS = (
					"$(inherited)",
					"$(PROJECT_DIR)/Binaries/iOS",
				);
				INFOPLIST_FILE = VirgilCryptoFoundation/Info.plist;
				INSTALL_PATH = "$(LOCAL_LIBRARY_DIR)/Frameworks";
				LD_RUNPATH_SEARCH_PATHS = (
					"$(inherited)",
					"@executable_path/Frameworks",
					"@loader_path/Frameworks",
				);
				PRODUCT_BUNDLE_IDENTIFIER = com.virgilsecurity.VirgilCryptoFoundation;
				PRODUCT_NAME = VirgilCryptoFoundation;
				SKIP_INSTALL = YES;
				SWIFT_VERSION = 4.2;
				TARGETED_DEVICE_FAMILY = "1,2";
			};
			name = Release;
		};
		F431D87F217E3B3400A9389F /* Debug */ = {
			isa = XCBuildConfiguration;
			buildSettings = {
				CODE_SIGN_STYLE = Automatic;
				DEVELOPMENT_TEAM = AH4G577LKX;
				INFOPLIST_FILE = VirgilCryptoFoundationTests/Info.plist;
				LD_RUNPATH_SEARCH_PATHS = (
					"$(inherited)",
					"@executable_path/Frameworks",
					"@loader_path/Frameworks",
				);
				PRODUCT_BUNDLE_IDENTIFIER = com.virgilsecurity.VirgilCryptoFoundationTests;
				PRODUCT_NAME = VirgilCryptoFoundationTests;
				SWIFT_VERSION = 4.2;
				TARGETED_DEVICE_FAMILY = "1,2";
			};
			name = Debug;
		};
		F431D880217E3B3400A9389F /* Release */ = {
			isa = XCBuildConfiguration;
			buildSettings = {
				CODE_SIGN_STYLE = Automatic;
				DEVELOPMENT_TEAM = AH4G577LKX;
				INFOPLIST_FILE = VirgilCryptoFoundationTests/Info.plist;
				LD_RUNPATH_SEARCH_PATHS = (
					"$(inherited)",
					"@executable_path/Frameworks",
					"@loader_path/Frameworks",
				);
				PRODUCT_BUNDLE_IDENTIFIER = com.virgilsecurity.VirgilCryptoFoundationTests;
				PRODUCT_NAME = VirgilCryptoFoundationTests;
				SWIFT_VERSION = 4.2;
				TARGETED_DEVICE_FAMILY = "1,2";
			};
			name = Release;
		};
		F4376A55216F406100C57E21 /* Debug */ = {
			isa = XCBuildConfiguration;
			buildSettings = {
				ALWAYS_SEARCH_USER_PATHS = NO;
				CLANG_ANALYZER_NONNULL = YES;
				CLANG_ANALYZER_NUMBER_OBJECT_CONVERSION = YES_AGGRESSIVE;
				CLANG_CXX_LANGUAGE_STANDARD = "gnu++14";
				CLANG_CXX_LIBRARY = "libc++";
				CLANG_ENABLE_MODULES = YES;
				CLANG_ENABLE_OBJC_ARC = YES;
				CLANG_ENABLE_OBJC_WEAK = YES;
				CLANG_WARN_BLOCK_CAPTURE_AUTORELEASING = YES;
				CLANG_WARN_BOOL_CONVERSION = YES;
				CLANG_WARN_COMMA = YES;
				CLANG_WARN_CONSTANT_CONVERSION = YES;
				CLANG_WARN_DEPRECATED_OBJC_IMPLEMENTATIONS = YES;
				CLANG_WARN_DIRECT_OBJC_ISA_USAGE = YES_ERROR;
				CLANG_WARN_DOCUMENTATION_COMMENTS = YES;
				CLANG_WARN_EMPTY_BODY = YES;
				CLANG_WARN_ENUM_CONVERSION = YES;
				CLANG_WARN_INFINITE_RECURSION = YES;
				CLANG_WARN_INT_CONVERSION = YES;
				CLANG_WARN_NON_LITERAL_NULL_CONVERSION = YES;
				CLANG_WARN_OBJC_IMPLICIT_RETAIN_SELF = YES;
				CLANG_WARN_OBJC_LITERAL_CONVERSION = YES;
				CLANG_WARN_OBJC_ROOT_CLASS = YES_ERROR;
				CLANG_WARN_RANGE_LOOP_ANALYSIS = YES;
				CLANG_WARN_STRICT_PROTOTYPES = YES;
				CLANG_WARN_SUSPICIOUS_MOVE = YES;
				CLANG_WARN_UNGUARDED_AVAILABILITY = YES_AGGRESSIVE;
				CLANG_WARN_UNREACHABLE_CODE = YES;
				CLANG_WARN__DUPLICATE_METHOD_MATCH = YES;
				CODE_SIGN_IDENTITY = "iPhone Developer";
				COPY_PHASE_STRIP = NO;
				CURRENT_PROJECT_VERSION = 1;
				DEBUG_INFORMATION_FORMAT = dwarf;
				ENABLE_STRICT_OBJC_MSGSEND = YES;
				ENABLE_TESTABILITY = YES;
				GCC_C_LANGUAGE_STANDARD = gnu11;
				GCC_DYNAMIC_NO_PIC = NO;
				GCC_NO_COMMON_BLOCKS = YES;
				GCC_OPTIMIZATION_LEVEL = 0;
				GCC_PREPROCESSOR_DEFINITIONS = (
					"DEBUG=1",
					"$(inherited)",
				);
				GCC_WARN_64_TO_32_BIT_CONVERSION = YES;
				GCC_WARN_ABOUT_RETURN_TYPE = YES_ERROR;
				GCC_WARN_UNDECLARED_SELECTOR = YES;
				GCC_WARN_UNINITIALIZED_AUTOS = YES_AGGRESSIVE;
				GCC_WARN_UNUSED_FUNCTION = YES;
				GCC_WARN_UNUSED_VARIABLE = YES;
				IPHONEOS_DEPLOYMENT_TARGET = 12.0;
				MTL_ENABLE_DEBUG_INFO = INCLUDE_SOURCE;
				MTL_FAST_MATH = YES;
				ONLY_ACTIVE_ARCH = YES;
				SDKROOT = iphoneos;
				SWIFT_ACTIVE_COMPILATION_CONDITIONS = DEBUG;
				SWIFT_OPTIMIZATION_LEVEL = "-Onone";
				VERSIONING_SYSTEM = "apple-generic";
				VERSION_INFO_PREFIX = "";
			};
			name = Debug;
		};
		F4376A56216F406100C57E21 /* Release */ = {
			isa = XCBuildConfiguration;
			buildSettings = {
				ALWAYS_SEARCH_USER_PATHS = NO;
				CLANG_ANALYZER_NONNULL = YES;
				CLANG_ANALYZER_NUMBER_OBJECT_CONVERSION = YES_AGGRESSIVE;
				CLANG_CXX_LANGUAGE_STANDARD = "gnu++14";
				CLANG_CXX_LIBRARY = "libc++";
				CLANG_ENABLE_MODULES = YES;
				CLANG_ENABLE_OBJC_ARC = YES;
				CLANG_ENABLE_OBJC_WEAK = YES;
				CLANG_WARN_BLOCK_CAPTURE_AUTORELEASING = YES;
				CLANG_WARN_BOOL_CONVERSION = YES;
				CLANG_WARN_COMMA = YES;
				CLANG_WARN_CONSTANT_CONVERSION = YES;
				CLANG_WARN_DEPRECATED_OBJC_IMPLEMENTATIONS = YES;
				CLANG_WARN_DIRECT_OBJC_ISA_USAGE = YES_ERROR;
				CLANG_WARN_DOCUMENTATION_COMMENTS = YES;
				CLANG_WARN_EMPTY_BODY = YES;
				CLANG_WARN_ENUM_CONVERSION = YES;
				CLANG_WARN_INFINITE_RECURSION = YES;
				CLANG_WARN_INT_CONVERSION = YES;
				CLANG_WARN_NON_LITERAL_NULL_CONVERSION = YES;
				CLANG_WARN_OBJC_IMPLICIT_RETAIN_SELF = YES;
				CLANG_WARN_OBJC_LITERAL_CONVERSION = YES;
				CLANG_WARN_OBJC_ROOT_CLASS = YES_ERROR;
				CLANG_WARN_RANGE_LOOP_ANALYSIS = YES;
				CLANG_WARN_STRICT_PROTOTYPES = YES;
				CLANG_WARN_SUSPICIOUS_MOVE = YES;
				CLANG_WARN_UNGUARDED_AVAILABILITY = YES_AGGRESSIVE;
				CLANG_WARN_UNREACHABLE_CODE = YES;
				CLANG_WARN__DUPLICATE_METHOD_MATCH = YES;
				CODE_SIGN_IDENTITY = "iPhone Developer";
				COPY_PHASE_STRIP = NO;
				CURRENT_PROJECT_VERSION = 1;
				DEBUG_INFORMATION_FORMAT = "dwarf-with-dsym";
				ENABLE_NS_ASSERTIONS = NO;
				ENABLE_STRICT_OBJC_MSGSEND = YES;
				GCC_C_LANGUAGE_STANDARD = gnu11;
				GCC_NO_COMMON_BLOCKS = YES;
				GCC_WARN_64_TO_32_BIT_CONVERSION = YES;
				GCC_WARN_ABOUT_RETURN_TYPE = YES_ERROR;
				GCC_WARN_UNDECLARED_SELECTOR = YES;
				GCC_WARN_UNINITIALIZED_AUTOS = YES_AGGRESSIVE;
				GCC_WARN_UNUSED_FUNCTION = YES;
				GCC_WARN_UNUSED_VARIABLE = YES;
				IPHONEOS_DEPLOYMENT_TARGET = 12.0;
				MTL_ENABLE_DEBUG_INFO = NO;
				MTL_FAST_MATH = YES;
				SDKROOT = iphoneos;
				SWIFT_COMPILATION_MODE = wholemodule;
				SWIFT_OPTIMIZATION_LEVEL = "-O";
				VALIDATE_PRODUCT = YES;
				VERSIONING_SYSTEM = "apple-generic";
				VERSION_INFO_PREFIX = "";
			};
			name = Release;
		};
		F438C66A2173AEBD00D0933B /* Debug */ = {
			isa = XCBuildConfiguration;
			buildSettings = {
				CLANG_ENABLE_MODULES = YES;
				CODE_SIGN_IDENTITY = "";
				CODE_SIGN_STYLE = Automatic;
				DEFINES_MODULE = YES;
				DEVELOPMENT_TEAM = AH4G577LKX;
				DYLIB_COMPATIBILITY_VERSION = 1;
				DYLIB_CURRENT_VERSION = 1;
				DYLIB_INSTALL_NAME_BASE = "@rpath";
				FRAMEWORK_SEARCH_PATHS = (
					"$(inherited)",
					"$(PROJECT_DIR)/Binaries/iOS",
				);
				INFOPLIST_FILE = VirgilCryptoPythia/Info.plist;
				INSTALL_PATH = "$(LOCAL_LIBRARY_DIR)/Frameworks";
				LD_RUNPATH_SEARCH_PATHS = (
					"$(inherited)",
					"@executable_path/Frameworks",
					"@loader_path/Frameworks",
				);
				PRODUCT_BUNDLE_IDENTIFIER = com.virgilsecurity.VirgilCryptoPythia;
				PRODUCT_NAME = VirgilCryptoPythia;
				SKIP_INSTALL = YES;
				SWIFT_OPTIMIZATION_LEVEL = "-Onone";
				SWIFT_VERSION = 4.2;
				TARGETED_DEVICE_FAMILY = "1,2";
			};
			name = Debug;
		};
		F438C66B2173AEBD00D0933B /* Release */ = {
			isa = XCBuildConfiguration;
			buildSettings = {
				CLANG_ENABLE_MODULES = YES;
				CODE_SIGN_IDENTITY = "";
				CODE_SIGN_STYLE = Automatic;
				DEFINES_MODULE = YES;
				DEVELOPMENT_TEAM = AH4G577LKX;
				DYLIB_COMPATIBILITY_VERSION = 1;
				DYLIB_CURRENT_VERSION = 1;
				DYLIB_INSTALL_NAME_BASE = "@rpath";
				FRAMEWORK_SEARCH_PATHS = (
					"$(inherited)",
					"$(PROJECT_DIR)/Binaries/iOS",
				);
				INFOPLIST_FILE = VirgilCryptoPythia/Info.plist;
				INSTALL_PATH = "$(LOCAL_LIBRARY_DIR)/Frameworks";
				LD_RUNPATH_SEARCH_PATHS = (
					"$(inherited)",
					"@executable_path/Frameworks",
					"@loader_path/Frameworks",
				);
				PRODUCT_BUNDLE_IDENTIFIER = com.virgilsecurity.VirgilCryptoPythia;
				PRODUCT_NAME = VirgilCryptoPythia;
				SKIP_INSTALL = YES;
				SWIFT_VERSION = 4.2;
				TARGETED_DEVICE_FAMILY = "1,2";
			};
			name = Release;
		};
		F438C66D2173AEBD00D0933B /* Debug */ = {
			isa = XCBuildConfiguration;
			buildSettings = {
				ALWAYS_EMBED_SWIFT_STANDARD_LIBRARIES = YES;
				CODE_SIGN_STYLE = Automatic;
				DEVELOPMENT_TEAM = AH4G577LKX;
				INFOPLIST_FILE = VirgilCryptoPythiaTests/Info.plist;
				LD_RUNPATH_SEARCH_PATHS = (
					"$(inherited)",
					"@executable_path/Frameworks",
					"@loader_path/Frameworks",
				);
				PRODUCT_BUNDLE_IDENTIFIER = com.virgilsecurity.VirgilCryptoPythiaTests;
				PRODUCT_NAME = VirgilCryptoPythiaTests;
				SWIFT_VERSION = 4.2;
				TARGETED_DEVICE_FAMILY = "1,2";
			};
			name = Debug;
		};
		F438C66E2173AEBD00D0933B /* Release */ = {
			isa = XCBuildConfiguration;
			buildSettings = {
				ALWAYS_EMBED_SWIFT_STANDARD_LIBRARIES = YES;
				CODE_SIGN_STYLE = Automatic;
				DEVELOPMENT_TEAM = AH4G577LKX;
				INFOPLIST_FILE = VirgilCryptoPythiaTests/Info.plist;
				LD_RUNPATH_SEARCH_PATHS = (
					"$(inherited)",
					"@executable_path/Frameworks",
					"@loader_path/Frameworks",
				);
				PRODUCT_BUNDLE_IDENTIFIER = com.virgilsecurity.VirgilCryptoPythiaTests;
				PRODUCT_NAME = VirgilCryptoPythiaTests;
				SWIFT_VERSION = 4.2;
				TARGETED_DEVICE_FAMILY = "1,2";
			};
			name = Release;
		};
		F476E01B216F423100990B46 /* Debug */ = {
			isa = XCBuildConfiguration;
			buildSettings = {
				CODE_SIGN_STYLE = Automatic;
				DEVELOPMENT_TEAM = AH4G577LKX;
				PRODUCT_NAME = "$(TARGET_NAME)";
			};
			name = Debug;
		};
		F476E01C216F423100990B46 /* Release */ = {
			isa = XCBuildConfiguration;
			buildSettings = {
				CODE_SIGN_STYLE = Automatic;
				DEVELOPMENT_TEAM = AH4G577LKX;
				PRODUCT_NAME = "$(TARGET_NAME)";
			};
			name = Release;
		};
		F476E036216F43B600990B46 /* Debug */ = {
			isa = XCBuildConfiguration;
			buildSettings = {
				CODE_SIGN_IDENTITY = "";
				CODE_SIGN_STYLE = Automatic;
				DEFINES_MODULE = YES;
				DEVELOPMENT_TEAM = AH4G577LKX;
				DYLIB_COMPATIBILITY_VERSION = 1;
				DYLIB_CURRENT_VERSION = 1;
				DYLIB_INSTALL_NAME_BASE = "@rpath";
				FRAMEWORK_SEARCH_PATHS = (
					"$(inherited)",
					"$(PROJECT_DIR)/Binaries/iOS",
				);
				"FRAMEWORK_SEARCH_PATHS[arch=*]" = "$(inherited)";
				INFOPLIST_FILE = VirgilCryptoCommon/Info.plist;
				INSTALL_PATH = "$(LOCAL_LIBRARY_DIR)/Frameworks";
				LD_RUNPATH_SEARCH_PATHS = (
					"$(inherited)",
					"@executable_path/Frameworks",
					"@loader_path/Frameworks",
				);
				PRODUCT_BUNDLE_IDENTIFIER = com.virgilsecurity.VirgilCryptoCommon;
				PRODUCT_NAME = VirgilCryptoCommon;
				SKIP_INSTALL = YES;
				SWIFT_VERSION = 4.2;
				TARGETED_DEVICE_FAMILY = "1,2";
			};
			name = Debug;
		};
		F476E037216F43B600990B46 /* Release */ = {
			isa = XCBuildConfiguration;
			buildSettings = {
				CODE_SIGN_IDENTITY = "";
				CODE_SIGN_STYLE = Automatic;
				DEFINES_MODULE = YES;
				DEVELOPMENT_TEAM = AH4G577LKX;
				DYLIB_COMPATIBILITY_VERSION = 1;
				DYLIB_CURRENT_VERSION = 1;
				DYLIB_INSTALL_NAME_BASE = "@rpath";
				FRAMEWORK_SEARCH_PATHS = (
					"$(inherited)",
					"$(PROJECT_DIR)/Binaries/iOS",
				);
				INFOPLIST_FILE = VirgilCryptoCommon/Info.plist;
				INSTALL_PATH = "$(LOCAL_LIBRARY_DIR)/Frameworks";
				LD_RUNPATH_SEARCH_PATHS = (
					"$(inherited)",
					"@executable_path/Frameworks",
					"@loader_path/Frameworks",
				);
				PRODUCT_BUNDLE_IDENTIFIER = com.virgilsecurity.VirgilCryptoCommon;
				PRODUCT_NAME = VirgilCryptoCommon;
				SKIP_INSTALL = YES;
				SWIFT_VERSION = 4.2;
				TARGETED_DEVICE_FAMILY = "1,2";
			};
			name = Release;
		};
		F476E039216F43B600990B46 /* Debug */ = {
			isa = XCBuildConfiguration;
			buildSettings = {
				CODE_SIGN_STYLE = Automatic;
				DEVELOPMENT_TEAM = AH4G577LKX;
				INFOPLIST_FILE = VirgilCryptoCommonTests/Info.plist;
				LD_RUNPATH_SEARCH_PATHS = (
					"$(inherited)",
					"@executable_path/Frameworks",
					"@loader_path/Frameworks",
				);
				PRODUCT_BUNDLE_IDENTIFIER = com.virgilsecurity.VirgilCryptoCommonTests;
				PRODUCT_NAME = VirgilCryptoCommonTests;
				SWIFT_VERSION = 4.2;
				TARGETED_DEVICE_FAMILY = "1,2";
			};
			name = Debug;
		};
		F476E03A216F43B600990B46 /* Release */ = {
			isa = XCBuildConfiguration;
			buildSettings = {
				CODE_SIGN_STYLE = Automatic;
				DEVELOPMENT_TEAM = AH4G577LKX;
				INFOPLIST_FILE = VirgilCryptoCommonTests/Info.plist;
				LD_RUNPATH_SEARCH_PATHS = (
					"$(inherited)",
					"@executable_path/Frameworks",
					"@loader_path/Frameworks",
				);
				PRODUCT_BUNDLE_IDENTIFIER = com.virgilsecurity.VirgilCryptoCommonTests;
				PRODUCT_NAME = VirgilCryptoCommonTests;
				SWIFT_VERSION = 4.2;
				TARGETED_DEVICE_FAMILY = "1,2";
			};
			name = Release;
		};
		F4AC5032218308B90054A3D3 /* Debug */ = {
			isa = XCBuildConfiguration;
			buildSettings = {
				CLANG_ENABLE_MODULES = YES;
				CODE_SIGN_IDENTITY = "";
				CODE_SIGN_STYLE = Automatic;
				DEFINES_MODULE = YES;
				DEVELOPMENT_TEAM = AH4G577LKX;
				DYLIB_COMPATIBILITY_VERSION = 1;
				DYLIB_CURRENT_VERSION = 1;
				DYLIB_INSTALL_NAME_BASE = "@rpath";
				FRAMEWORK_SEARCH_PATHS = (
					"$(inherited)",
					"$(PROJECT_DIR)/Binaries/iOS",
				);
				INFOPLIST_FILE = VirgilCryptoRatchet/Info.plist;
				INSTALL_PATH = "$(LOCAL_LIBRARY_DIR)/Frameworks";
				LD_RUNPATH_SEARCH_PATHS = (
					"$(inherited)",
					"@executable_path/Frameworks",
					"@loader_path/Frameworks",
				);
				PRODUCT_BUNDLE_IDENTIFIER = com.virgilsecurity.VirgilCryptoRatchet;
				PRODUCT_NAME = VirgilCryptoRatchet;
				SKIP_INSTALL = YES;
				SWIFT_OPTIMIZATION_LEVEL = "-Onone";
				SWIFT_VERSION = 4.2;
				TARGETED_DEVICE_FAMILY = "1,2";
			};
			name = Debug;
		};
		F4AC5033218308B90054A3D3 /* Release */ = {
			isa = XCBuildConfiguration;
			buildSettings = {
				CLANG_ENABLE_MODULES = YES;
				CODE_SIGN_IDENTITY = "";
				CODE_SIGN_STYLE = Automatic;
				DEFINES_MODULE = YES;
				DEVELOPMENT_TEAM = AH4G577LKX;
				DYLIB_COMPATIBILITY_VERSION = 1;
				DYLIB_CURRENT_VERSION = 1;
				DYLIB_INSTALL_NAME_BASE = "@rpath";
				FRAMEWORK_SEARCH_PATHS = (
					"$(inherited)",
					"$(PROJECT_DIR)/Binaries/iOS",
				);
				INFOPLIST_FILE = VirgilCryptoRatchet/Info.plist;
				INSTALL_PATH = "$(LOCAL_LIBRARY_DIR)/Frameworks";
				LD_RUNPATH_SEARCH_PATHS = (
					"$(inherited)",
					"@executable_path/Frameworks",
					"@loader_path/Frameworks",
				);
				PRODUCT_BUNDLE_IDENTIFIER = com.virgilsecurity.VirgilCryptoRatchet;
				PRODUCT_NAME = VirgilCryptoRatchet;
				SKIP_INSTALL = YES;
				SWIFT_VERSION = 4.2;
				TARGETED_DEVICE_FAMILY = "1,2";
			};
			name = Release;
		};
		F4AC5034218308B90054A3D3 /* Debug */ = {
			isa = XCBuildConfiguration;
			buildSettings = {
				ALWAYS_EMBED_SWIFT_STANDARD_LIBRARIES = YES;
				CODE_SIGN_STYLE = Automatic;
				DEVELOPMENT_TEAM = AH4G577LKX;
				INFOPLIST_FILE = VirgilCryptoRatchetTests/Info.plist;
				LD_RUNPATH_SEARCH_PATHS = (
					"$(inherited)",
					"@executable_path/Frameworks",
					"@loader_path/Frameworks",
				);
				PRODUCT_BUNDLE_IDENTIFIER = com.virgilsecurity.VirgilCryptoRatchetTests;
				PRODUCT_NAME = VirgilCyptoRatchetTests;
				SWIFT_VERSION = 4.2;
				TARGETED_DEVICE_FAMILY = "1,2";
			};
			name = Debug;
		};
		F4AC5035218308B90054A3D3 /* Release */ = {
			isa = XCBuildConfiguration;
			buildSettings = {
				ALWAYS_EMBED_SWIFT_STANDARD_LIBRARIES = YES;
				CODE_SIGN_STYLE = Automatic;
				DEVELOPMENT_TEAM = AH4G577LKX;
				INFOPLIST_FILE = VirgilCryptoRatchetTests/Info.plist;
				LD_RUNPATH_SEARCH_PATHS = (
					"$(inherited)",
					"@executable_path/Frameworks",
					"@loader_path/Frameworks",
				);
				PRODUCT_BUNDLE_IDENTIFIER = com.virgilsecurity.VirgilCryptoRatchetTests;
				PRODUCT_NAME = VirgilCyptoRatchetTests;
				SWIFT_VERSION = 4.2;
				TARGETED_DEVICE_FAMILY = "1,2";
			};
			name = Release;
		};
/* End XCBuildConfiguration section */

/* Begin XCConfigurationList section */
		F429BF112173AB42001F0D8E /* Build configuration list for PBXNativeTarget "VirgilCryptoFoundation IOS" */ = {
			isa = XCConfigurationList;
			buildConfigurations = (
				F429BF122173AB42001F0D8E /* Debug */,
				F429BF132173AB42001F0D8E /* Release */,
			);
			defaultConfigurationIsVisible = 0;
			defaultConfigurationName = Release;
		};
		F431D87E217E3B3400A9389F /* Build configuration list for PBXNativeTarget "VirgilCryptoFoundationTests iOS" */ = {
			isa = XCConfigurationList;
			buildConfigurations = (
				F431D87F217E3B3400A9389F /* Debug */,
				F431D880217E3B3400A9389F /* Release */,
			);
			defaultConfigurationIsVisible = 0;
			defaultConfigurationName = Release;
		};
		F4376A3D216F406000C57E21 /* Build configuration list for PBXProject "VirgilCrypto" */ = {
			isa = XCConfigurationList;
			buildConfigurations = (
				F4376A55216F406100C57E21 /* Debug */,
				F4376A56216F406100C57E21 /* Release */,
			);
			defaultConfigurationIsVisible = 0;
			defaultConfigurationName = Release;
		};
		F438C6692173AEBD00D0933B /* Build configuration list for PBXNativeTarget "VirgilCryptoPythia iOS" */ = {
			isa = XCConfigurationList;
			buildConfigurations = (
				F438C66A2173AEBD00D0933B /* Debug */,
				F438C66B2173AEBD00D0933B /* Release */,
			);
			defaultConfigurationIsVisible = 0;
			defaultConfigurationName = Release;
		};
		F438C66C2173AEBD00D0933B /* Build configuration list for PBXNativeTarget "VirgilCryptoPythiaTests iOS" */ = {
			isa = XCConfigurationList;
			buildConfigurations = (
				F438C66D2173AEBD00D0933B /* Debug */,
				F438C66E2173AEBD00D0933B /* Release */,
			);
			defaultConfigurationIsVisible = 0;
			defaultConfigurationName = Release;
		};
		F476E01A216F423100990B46 /* Build configuration list for PBXAggregateTarget "C Frameworks" */ = {
			isa = XCConfigurationList;
			buildConfigurations = (
				F476E01B216F423100990B46 /* Debug */,
				F476E01C216F423100990B46 /* Release */,
			);
			defaultConfigurationIsVisible = 0;
			defaultConfigurationName = Release;
		};
		F476E035216F43B600990B46 /* Build configuration list for PBXNativeTarget "VirgilCryptoCommon iOS" */ = {
			isa = XCConfigurationList;
			buildConfigurations = (
				F476E036216F43B600990B46 /* Debug */,
				F476E037216F43B600990B46 /* Release */,
			);
			defaultConfigurationIsVisible = 0;
			defaultConfigurationName = Release;
		};
		F476E038216F43B600990B46 /* Build configuration list for PBXNativeTarget "VirgilCryptoCommonTests iOS" */ = {
			isa = XCConfigurationList;
			buildConfigurations = (
				F476E039216F43B600990B46 /* Debug */,
				F476E03A216F43B600990B46 /* Release */,
			);
			defaultConfigurationIsVisible = 0;
			defaultConfigurationName = Release;
		};
		F4AC5036218308B90054A3D3 /* Build configuration list for PBXNativeTarget "VirgilCryptoRatchet iOS" */ = {
			isa = XCConfigurationList;
			buildConfigurations = (
				F4AC5032218308B90054A3D3 /* Debug */,
				F4AC5033218308B90054A3D3 /* Release */,
			);
			defaultConfigurationIsVisible = 0;
			defaultConfigurationName = Release;
		};
		F4AC5037218308B90054A3D3 /* Build configuration list for PBXNativeTarget "VirgilCryptoRatchetTests iOS" */ = {
			isa = XCConfigurationList;
			buildConfigurations = (
				F4AC5034218308B90054A3D3 /* Debug */,
				F4AC5035218308B90054A3D3 /* Release */,
			);
			defaultConfigurationIsVisible = 0;
			defaultConfigurationName = Release;
		};
/* End XCConfigurationList section */
	};
	rootObject = F4376A3A216F406000C57E21 /* Project object */;
}
